// !$*UTF8*$!
{
	archiveVersion = 1;
	classes = {
	};
	objectVersion = 46;
	objects = {

/* Begin PBXBuildFile section */
		04C05DDC1A159DC70090B701 /* Foundation.framework in Frameworks */ = {isa = PBXBuildFile; fileRef = 04C05DDB1A159DC70090B701 /* Foundation.framework */; };
		04C05DDE1A159DC70090B701 /* CoreGraphics.framework in Frameworks */ = {isa = PBXBuildFile; fileRef = 04C05DDD1A159DC70090B701 /* CoreGraphics.framework */; };
		04C05DE01A159DC70090B701 /* UIKit.framework in Frameworks */ = {isa = PBXBuildFile; fileRef = 04C05DDF1A159DC70090B701 /* UIKit.framework */; };
		04C05DE21A159DC70090B701 /* CoreData.framework in Frameworks */ = {isa = PBXBuildFile; fileRef = 04C05DE11A159DC70090B701 /* CoreData.framework */; };
		04C05DE81A159DC70090B701 /* InfoPlist.strings in Resources */ = {isa = PBXBuildFile; fileRef = 04C05DE61A159DC70090B701 /* InfoPlist.strings */; };
		04C05DEA1A159DC70090B701 /* main.m in Sources */ = {isa = PBXBuildFile; fileRef = 04C05DE91A159DC70090B701 /* main.m */; };
		04C05DEE1A159DC70090B701 /* AppDelegate.m in Sources */ = {isa = PBXBuildFile; fileRef = 04C05DED1A159DC70090B701 /* AppDelegate.m */; };
		04C05DF31A159DC70090B701 /* Images.xcassets in Resources */ = {isa = PBXBuildFile; fileRef = 04C05DF21A159DC70090B701 /* Images.xcassets */; };
		04C05DFA1A159DC80090B701 /* XCTest.framework in Frameworks */ = {isa = PBXBuildFile; fileRef = 04C05DF91A159DC80090B701 /* XCTest.framework */; };
		04C05DFB1A159DC80090B701 /* Foundation.framework in Frameworks */ = {isa = PBXBuildFile; fileRef = 04C05DDB1A159DC70090B701 /* Foundation.framework */; };
		04C05DFC1A159DC80090B701 /* UIKit.framework in Frameworks */ = {isa = PBXBuildFile; fileRef = 04C05DDF1A159DC70090B701 /* UIKit.framework */; };
		04C05DFD1A159DC80090B701 /* CoreData.framework in Frameworks */ = {isa = PBXBuildFile; fileRef = 04C05DE11A159DC70090B701 /* CoreData.framework */; };
		04C05E051A159DC80090B701 /* InfoPlist.strings in Resources */ = {isa = PBXBuildFile; fileRef = 04C05E031A159DC80090B701 /* InfoPlist.strings */; };
		04C05E071A159DC80090B701 /* YiQiWebTests.m in Sources */ = {isa = PBXBuildFile; fileRef = 04C05E061A159DC80090B701 /* YiQiWebTests.m */; };
		406C24461A1C2D0B006FA6B5 /* libTCWeiboSDK.a in Frameworks */ = {isa = PBXBuildFile; fileRef = 406C24381A1C27F9006FA6B5 /* libTCWeiboSDK.a */; settings = {ATTRIBUTES = (Required, ); }; };
		406C244D1A1C2DB4006FA6B5 /* libWeiboSDK.a in Frameworks */ = {isa = PBXBuildFile; fileRef = 406C242A1A1C27F9006FA6B5 /* libWeiboSDK.a */; };
		406C24511A1C2ECE006FA6B5 /* Accounts.framework in Frameworks */ = {isa = PBXBuildFile; fileRef = 406C24501A1C2ECE006FA6B5 /* Accounts.framework */; };
		406C24531A1C2EF7006FA6B5 /* Social.framework in Frameworks */ = {isa = PBXBuildFile; fileRef = 406C24521A1C2EF7006FA6B5 /* Social.framework */; };
		4070F5681A1B168300AE8CD7 /* more_icon_link@2x.png in Resources */ = {isa = PBXBuildFile; fileRef = 4070F5671A1B168300AE8CD7 /* more_icon_link@2x.png */; };
		4070F56C1A1B17FD00AE8CD7 /* icon_default@2x.png in Resources */ = {isa = PBXBuildFile; fileRef = 4070F56B1A1B17FD00AE8CD7 /* icon_default@2x.png */; };
		4070F5741A1B19B300AE8CD7 /* JDStatusBarNotification.m in Sources */ = {isa = PBXBuildFile; fileRef = 4070F56F1A1B19B300AE8CD7 /* JDStatusBarNotification.m */; };
		4070F5751A1B19B300AE8CD7 /* JDStatusBarStyle.m in Sources */ = {isa = PBXBuildFile; fileRef = 4070F5711A1B19B300AE8CD7 /* JDStatusBarStyle.m */; };
		4070F5761A1B19B300AE8CD7 /* JDStatusBarView.m in Sources */ = {isa = PBXBuildFile; fileRef = 4070F5731A1B19B300AE8CD7 /* JDStatusBarView.m */; };
		40D5473F1A1EF44300816731 /* UIImage+Redraw.m in Sources */ = {isa = PBXBuildFile; fileRef = 40D5473E1A1EF44300816731 /* UIImage+Redraw.m */; };
		40D547431A1F08A800816731 /* AVFoundation.framework in Frameworks */ = {isa = PBXBuildFile; fileRef = 40D547421A1F08A800816731 /* AVFoundation.framework */; };
		40D8F5B11A1AD308005844B5 /* MainView.m in Sources */ = {isa = PBXBuildFile; fileRef = 40D8F5AF1A1AD308005844B5 /* MainView.m */; };
		40D8F5B21A1AD308005844B5 /* MainView.xib in Resources */ = {isa = PBXBuildFile; fileRef = 40D8F5B01A1AD308005844B5 /* MainView.xib */; };
		40D8F5BC1A1ADE88005844B5 /* ShareSheet.m in Sources */ = {isa = PBXBuildFile; fileRef = 40D8F5BB1A1ADE88005844B5 /* ShareSheet.m */; };
		40D8F5C31A1AE217005844B5 /* more_weibo@2x.png in Resources */ = {isa = PBXBuildFile; fileRef = 40D8F5BF1A1AE217005844B5 /* more_weibo@2x.png */; };
		40D8F5C41A1AE217005844B5 /* more_weixin@2x.png in Resources */ = {isa = PBXBuildFile; fileRef = 40D8F5C01A1AE217005844B5 /* more_weixin@2x.png */; };
		40D8F5C51A1AE217005844B5 /* more_icon_collection1@2x.png in Resources */ = {isa = PBXBuildFile; fileRef = 40D8F5C11A1AE217005844B5 /* more_icon_collection1@2x.png */; };
		40D8F5C71A1AE282005844B5 /* more_circlefriends@2x.png in Resources */ = {isa = PBXBuildFile; fileRef = 40D8F5C61A1AE282005844B5 /* more_circlefriends@2x.png */; };
		40D8F5CE1A1AE3F4005844B5 /* WeiboSDK.bundle in Resources */ = {isa = PBXBuildFile; fileRef = 40D8F5CB1A1AE3F4005844B5 /* WeiboSDK.bundle */; };
		40D8F5E21A1AFAAA005844B5 /* WbApi.m in Sources */ = {isa = PBXBuildFile; fileRef = 40D8F5E11A1AFAAA005844B5 /* WbApi.m */; };
		40DBB72C1A245D8600C1D368 /* CameraView.m in Sources */ = {isa = PBXBuildFile; fileRef = 40DBB72A1A245D8600C1D368 /* CameraView.m */; };
		40DBB72E1A245D8900C1D368 /* CameraView.xib in Resources */ = {isa = PBXBuildFile; fileRef = 40DBB72D1A245D8900C1D368 /* CameraView.xib */; };
		40DBB74D1A245D9600C1D368 /* libzbar.a in Frameworks */ = {isa = PBXBuildFile; fileRef = 40DBB7471A245D9600C1D368 /* libzbar.a */; };
		40DBB74E1A245D9600C1D368 /* zbar-back.png in Resources */ = {isa = PBXBuildFile; fileRef = 40DBB7491A245D9600C1D368 /* zbar-back.png */; };
		40DBB74F1A245D9600C1D368 /* zbar-help.html in Resources */ = {isa = PBXBuildFile; fileRef = 40DBB74A1A245D9600C1D368 /* zbar-help.html */; };
		40DBB7501A245D9600C1D368 /* zbar-helpicons.png in Resources */ = {isa = PBXBuildFile; fileRef = 40DBB74B1A245D9600C1D368 /* zbar-helpicons.png */; };
		40DBB7511A245D9600C1D368 /* zbar-samples.png in Resources */ = {isa = PBXBuildFile; fileRef = 40DBB74C1A245D9600C1D368 /* zbar-samples.png */; };
		40DBB7531A245DAA00C1D368 /* CoreMedia.framework in Frameworks */ = {isa = PBXBuildFile; fileRef = 40DBB7521A245DAA00C1D368 /* CoreMedia.framework */; };
		40DBB7551A245DBB00C1D368 /* CoreVideo.framework in Frameworks */ = {isa = PBXBuildFile; fileRef = 40DBB7541A245DBB00C1D368 /* CoreVideo.framework */; };
		40DBB7581A245EF500C1D368 /* line@2x.png in Resources */ = {isa = PBXBuildFile; fileRef = 40DBB7561A245EF500C1D368 /* line@2x.png */; };
		40DBB7591A245EF500C1D368 /* pick_bg@2x.png in Resources */ = {isa = PBXBuildFile; fileRef = 40DBB7571A245EF500C1D368 /* pick_bg@2x.png */; };
		40DBB75D1A2460B400C1D368 /* TencentOpenApi_IOS_Bundle.bundle in Resources */ = {isa = PBXBuildFile; fileRef = 40DBB75C1A2460B400C1D368 /* TencentOpenApi_IOS_Bundle.bundle */; };
		40DBB75F1A2460DF00C1D368 /* TencentOpenAPI.framework in Frameworks */ = {isa = PBXBuildFile; fileRef = 40DBB75E1A2460DF00C1D368 /* TencentOpenAPI.framework */; };
		40DBB7651A24616900C1D368 /* libWeChatSDK.a in Frameworks */ = {isa = PBXBuildFile; fileRef = 40DBB7611A24616900C1D368 /* libWeChatSDK.a */; };
		40DD42161A22E90600897E5B /* Reachability.m in Sources */ = {isa = PBXBuildFile; fileRef = 40DD42151A22E90600897E5B /* Reachability.m */; settings = {COMPILER_FLAGS = "-fno-objc-arc"; }; };
		40DD421E1A22EB9D00897E5B /* flashlight.png in Resources */ = {isa = PBXBuildFile; fileRef = 40DD42191A22EB9D00897E5B /* flashlight.png */; };
		40DD42201A22EB9D00897E5B /* saomiao.png in Resources */ = {isa = PBXBuildFile; fileRef = 40DD421B1A22EB9D00897E5B /* saomiao.png */; };
		40DD42211A22EB9D00897E5B /* txweibo.png in Resources */ = {isa = PBXBuildFile; fileRef = 40DD421C1A22EB9D00897E5B /* txweibo.png */; };
		40DD42221A22EB9D00897E5B /* xlweibo.png in Resources */ = {isa = PBXBuildFile; fileRef = 40DD421D1A22EB9D00897E5B /* xlweibo.png */; };
		40DD42241A22EC6900897E5B /* qqkongjian.png in Resources */ = {isa = PBXBuildFile; fileRef = 40DD42231A22EC6900897E5B /* qqkongjian.png */; };
		40DD42271A2312ED00897E5B /* VerticallyAlignedLabel.m in Sources */ = {isa = PBXBuildFile; fileRef = 40DD42261A2312ED00897E5B /* VerticallyAlignedLabel.m */; };
		40DD42361A23130700897E5B /* Collection.m in Sources */ = {isa = PBXBuildFile; fileRef = 40DD42291A23130700897E5B /* Collection.m */; };
		40DD42371A23130700897E5B /* CollectionsViewController.m in Sources */ = {isa = PBXBuildFile; fileRef = 40DD422B1A23130700897E5B /* CollectionsViewController.m */; };
		40DD42381A23130700897E5B /* CollectionsViewController.xib in Resources */ = {isa = PBXBuildFile; fileRef = 40DD422C1A23130700897E5B /* CollectionsViewController.xib */; };
		40DD42391A23130700897E5B /* CustomCell.m in Sources */ = {isa = PBXBuildFile; fileRef = 40DD422E1A23130700897E5B /* CustomCell.m */; };
		40DD423A1A23130700897E5B /* CustomCell.xib in Resources */ = {isa = PBXBuildFile; fileRef = 40DD422F1A23130700897E5B /* CustomCell.xib */; };
		40DD423B1A23130700897E5B /* GoViewController.m in Sources */ = {isa = PBXBuildFile; fileRef = 40DD42311A23130700897E5B /* GoViewController.m */; };
		40DD423C1A23130700897E5B /* GoViewController.xib in Resources */ = {isa = PBXBuildFile; fileRef = 40DD42321A23130700897E5B /* GoViewController.xib */; };
		40DD42451A23184C00897E5B /* Default.png in Resources */ = {isa = PBXBuildFile; fileRef = 40DD42441A23184C00897E5B /* Default.png */; };
		40DD42481A232C1400897E5B /* ReminderView.m in Sources */ = {isa = PBXBuildFile; fileRef = 40DD42471A232C1400897E5B /* ReminderView.m */; };
		40DD424B1A23360800897E5B /* MyProgressView.m in Sources */ = {isa = PBXBuildFile; fileRef = 40DD424A1A23360800897E5B /* MyProgressView.m */; };
		40DD424F1A23361A00897E5B /* EditViewController.m in Sources */ = {isa = PBXBuildFile; fileRef = 40DD424D1A23361A00897E5B /* EditViewController.m */; };
		40DD42501A23361A00897E5B /* EditViewController.xib in Resources */ = {isa = PBXBuildFile; fileRef = 40DD424E1A23361A00897E5B /* EditViewController.xib */; };
		40E4D4431A1D94DC0012256F /* Action_Copy@2x.png in Resources */ = {isa = PBXBuildFile; fileRef = 40E4D4401A1D94DC0012256F /* Action_Copy@2x.png */; };
		40E4D4441A1D94DC0012256F /* Action_MyFavAdd@2x.png in Resources */ = {isa = PBXBuildFile; fileRef = 40E4D4411A1D94DC0012256F /* Action_MyFavAdd@2x.png */; };
		40E4D4451A1D94DC0012256F /* MoreMyFavorites@2x.png in Resources */ = {isa = PBXBuildFile; fileRef = 40E4D4421A1D94DC0012256F /* MoreMyFavorites@2x.png */; };
		40E4D4471A1DA0B10012256F /* QzoneShare.png in Resources */ = {isa = PBXBuildFile; fileRef = 40E4D4461A1DA0B10012256F /* QzoneShare.png */; };
		40E4D4501A1DB5CB0012256F /* Security.framework in Frameworks */ = {isa = PBXBuildFile; fileRef = 40E4D44F1A1DB5CB0012256F /* Security.framework */; };
		40E4D4521A1DB5D60012256F /* libiconv.dylib in Frameworks */ = {isa = PBXBuildFile; fileRef = 40E4D4511A1DB5D60012256F /* libiconv.dylib */; };
		40E4D4541A1DB5DE0012256F /* SystemConfiguration.framework in Frameworks */ = {isa = PBXBuildFile; fileRef = 40E4D4531A1DB5DE0012256F /* SystemConfiguration.framework */; };
		40E4D4561A1DB5FA0012256F /* libz.dylib in Frameworks */ = {isa = PBXBuildFile; fileRef = 40E4D4551A1DB5FA0012256F /* libz.dylib */; };
		40E4D4581A1DB6050012256F /* libstdc++.dylib in Frameworks */ = {isa = PBXBuildFile; fileRef = 40E4D4571A1DB6050012256F /* libstdc++.dylib */; };
		40E4D45A1A1DB6180012256F /* CoreTelephony.framework in Frameworks */ = {isa = PBXBuildFile; fileRef = 40E4D4591A1DB6180012256F /* CoreTelephony.framework */; };
		40E4D45F1A1DCAEF0012256F /* Action_Share@2x.png in Resources */ = {isa = PBXBuildFile; fileRef = 40E4D45D1A1DCAEF0012256F /* Action_Share@2x.png */; };
		40E4D4601A1DCAEF0012256F /* Action_Moments@2x.png in Resources */ = {isa = PBXBuildFile; fileRef = 40E4D45E1A1DCAEF0012256F /* Action_Moments@2x.png */; };
		40F30B1A1A1C38C40031EF5A /* SqlServer.m in Sources */ = {isa = PBXBuildFile; fileRef = 40F30B191A1C38C40031EF5A /* SqlServer.m */; };
		40F30B1C1A1C3B380031EF5A /* libsqlite3.dylib in Frameworks */ = {isa = PBXBuildFile; fileRef = 40F30B1B1A1C3B380031EF5A /* libsqlite3.dylib */; };
		40F30B201A1C664F0031EF5A /* more_icon_collection2@2x.png in Resources */ = {isa = PBXBuildFile; fileRef = 40F30B1F1A1C664F0031EF5A /* more_icon_collection2@2x.png */; };
		40F30B241A1C67070031EF5A /* ShareViewController.m in Sources */ = {isa = PBXBuildFile; fileRef = 40F30B221A1C67070031EF5A /* ShareViewController.m */; };
		40F30B251A1C67070031EF5A /* ShareViewController.xib in Resources */ = {isa = PBXBuildFile; fileRef = 40F30B231A1C67070031EF5A /* ShareViewController.xib */; };
		40F30B371A1C818E0031EF5A /* BaseAnimation.m in Sources */ = {isa = PBXBuildFile; fileRef = 40F30B341A1C818E0031EF5A /* BaseAnimation.m */; };
		40F30B381A1C818E0031EF5A /* SlideAnimation.m in Sources */ = {isa = PBXBuildFile; fileRef = 40F30B361A1C818E0031EF5A /* SlideAnimation.m */; };
/* End PBXBuildFile section */

/* Begin PBXContainerItemProxy section */
		04C05DFE1A159DC80090B701 /* PBXContainerItemProxy */ = {
			isa = PBXContainerItemProxy;
			containerPortal = 04C05DD01A159DC70090B701 /* Project object */;
			proxyType = 1;
			remoteGlobalIDString = 04C05DD71A159DC70090B701;
			remoteInfo = YiQiWeb;
		};
/* End PBXContainerItemProxy section */

/* Begin PBXFileReference section */
		04C05DD81A159DC70090B701 /* YiQiWeb.app */ = {isa = PBXFileReference; explicitFileType = wrapper.application; includeInIndex = 0; path = YiQiWeb.app; sourceTree = BUILT_PRODUCTS_DIR; };
		04C05DDB1A159DC70090B701 /* Foundation.framework */ = {isa = PBXFileReference; lastKnownFileType = wrapper.framework; name = Foundation.framework; path = System/Library/Frameworks/Foundation.framework; sourceTree = SDKROOT; };
		04C05DDD1A159DC70090B701 /* CoreGraphics.framework */ = {isa = PBXFileReference; lastKnownFileType = wrapper.framework; name = CoreGraphics.framework; path = System/Library/Frameworks/CoreGraphics.framework; sourceTree = SDKROOT; };
		04C05DDF1A159DC70090B701 /* UIKit.framework */ = {isa = PBXFileReference; lastKnownFileType = wrapper.framework; name = UIKit.framework; path = System/Library/Frameworks/UIKit.framework; sourceTree = SDKROOT; };
		04C05DE11A159DC70090B701 /* CoreData.framework */ = {isa = PBXFileReference; lastKnownFileType = wrapper.framework; name = CoreData.framework; path = System/Library/Frameworks/CoreData.framework; sourceTree = SDKROOT; };
		04C05DE51A159DC70090B701 /* YiQiWeb-Info.plist */ = {isa = PBXFileReference; lastKnownFileType = text.plist.xml; path = "YiQiWeb-Info.plist"; sourceTree = "<group>"; };
		04C05DE71A159DC70090B701 /* en */ = {isa = PBXFileReference; lastKnownFileType = text.plist.strings; name = en; path = en.lproj/InfoPlist.strings; sourceTree = "<group>"; };
		04C05DE91A159DC70090B701 /* main.m */ = {isa = PBXFileReference; lastKnownFileType = sourcecode.c.objc; path = main.m; sourceTree = "<group>"; };
		04C05DEB1A159DC70090B701 /* YiQiWeb-Prefix.pch */ = {isa = PBXFileReference; lastKnownFileType = sourcecode.c.h; path = "YiQiWeb-Prefix.pch"; sourceTree = "<group>"; };
		04C05DEC1A159DC70090B701 /* AppDelegate.h */ = {isa = PBXFileReference; lastKnownFileType = sourcecode.c.h; path = AppDelegate.h; sourceTree = "<group>"; };
		04C05DED1A159DC70090B701 /* AppDelegate.m */ = {isa = PBXFileReference; lastKnownFileType = sourcecode.c.objc; path = AppDelegate.m; sourceTree = "<group>"; };
		04C05DF21A159DC70090B701 /* Images.xcassets */ = {isa = PBXFileReference; lastKnownFileType = folder.assetcatalog; path = Images.xcassets; sourceTree = "<group>"; };
		04C05DF81A159DC80090B701 /* YiQiWebTests.xctest */ = {isa = PBXFileReference; explicitFileType = wrapper.cfbundle; includeInIndex = 0; path = YiQiWebTests.xctest; sourceTree = BUILT_PRODUCTS_DIR; };
		04C05DF91A159DC80090B701 /* XCTest.framework */ = {isa = PBXFileReference; lastKnownFileType = wrapper.framework; name = XCTest.framework; path = Library/Frameworks/XCTest.framework; sourceTree = DEVELOPER_DIR; };
		04C05E021A159DC80090B701 /* YiQiWebTests-Info.plist */ = {isa = PBXFileReference; lastKnownFileType = text.plist.xml; path = "YiQiWebTests-Info.plist"; sourceTree = "<group>"; };
		04C05E041A159DC80090B701 /* en */ = {isa = PBXFileReference; lastKnownFileType = text.plist.strings; name = en; path = en.lproj/InfoPlist.strings; sourceTree = "<group>"; };
		04C05E061A159DC80090B701 /* YiQiWebTests.m */ = {isa = PBXFileReference; lastKnownFileType = sourcecode.c.objc; path = YiQiWebTests.m; sourceTree = "<group>"; };
		406C24161A1C25D4006FA6B5 /* libTCWeiboSDK.a */ = {isa = PBXFileReference; lastKnownFileType = archive.ar; path = libTCWeiboSDK.a; sourceTree = "<group>"; };
		406C241B1A1C27F9006FA6B5 /* AppDelegate.h */ = {isa = PBXFileReference; lastKnownFileType = sourcecode.c.h; path = AppDelegate.h; sourceTree = "<group>"; };
		406C241C1A1C27F9006FA6B5 /* AppDelegate.m */ = {isa = PBXFileReference; lastKnownFileType = sourcecode.c.objc; path = AppDelegate.m; sourceTree = "<group>"; };
		406C241E1A1C27F9006FA6B5 /* en */ = {isa = PBXFileReference; lastKnownFileType = text.plist.strings; name = en; path = en.lproj/InfoPlist.strings; sourceTree = "<group>"; };
		406C241F1A1C27F9006FA6B5 /* icon_default@2x.png */ = {isa = PBXFileReference; lastKnownFileType = image.png; path = "icon_default@2x.png"; sourceTree = "<group>"; };
		406C24201A1C27F9006FA6B5 /* Images.xcassets */ = {isa = PBXFileReference; lastKnownFileType = folder.assetcatalog; path = Images.xcassets; sourceTree = "<group>"; };
		406C24211A1C27F9006FA6B5 /* JDStatusBarNotification.h */ = {isa = PBXFileReference; lastKnownFileType = sourcecode.c.h; path = JDStatusBarNotification.h; sourceTree = "<group>"; };
		406C24221A1C27F9006FA6B5 /* JDStatusBarNotification.m */ = {isa = PBXFileReference; lastKnownFileType = sourcecode.c.objc; path = JDStatusBarNotification.m; sourceTree = "<group>"; };
		406C24231A1C27F9006FA6B5 /* JDStatusBarStyle.h */ = {isa = PBXFileReference; lastKnownFileType = sourcecode.c.h; path = JDStatusBarStyle.h; sourceTree = "<group>"; };
		406C24241A1C27F9006FA6B5 /* JDStatusBarStyle.m */ = {isa = PBXFileReference; lastKnownFileType = sourcecode.c.objc; path = JDStatusBarStyle.m; sourceTree = "<group>"; };
		406C24251A1C27F9006FA6B5 /* JDStatusBarView.h */ = {isa = PBXFileReference; lastKnownFileType = sourcecode.c.h; path = JDStatusBarView.h; sourceTree = "<group>"; };
		406C24261A1C27F9006FA6B5 /* JDStatusBarView.m */ = {isa = PBXFileReference; lastKnownFileType = sourcecode.c.objc; path = JDStatusBarView.m; sourceTree = "<group>"; };
		406C24271A1C27F9006FA6B5 /* KZJShareSheet.h */ = {isa = PBXFileReference; lastKnownFileType = sourcecode.c.h; path = KZJShareSheet.h; sourceTree = "<group>"; };
		406C24281A1C27F9006FA6B5 /* KZJShareSheet.m */ = {isa = PBXFileReference; lastKnownFileType = sourcecode.c.objc; path = KZJShareSheet.m; sourceTree = "<group>"; };
		406C242A1A1C27F9006FA6B5 /* libWeiboSDK.a */ = {isa = PBXFileReference; lastKnownFileType = archive.ar; path = libWeiboSDK.a; sourceTree = "<group>"; };
		406C242B1A1C27F9006FA6B5 /* WeiboSDK.bundle */ = {isa = PBXFileReference; lastKnownFileType = "wrapper.plug-in"; path = WeiboSDK.bundle; sourceTree = "<group>"; };
		406C242C1A1C27F9006FA6B5 /* WeiboSDK.h */ = {isa = PBXFileReference; lastKnownFileType = sourcecode.c.h; path = WeiboSDK.h; sourceTree = "<group>"; };
		406C242D1A1C27F9006FA6B5 /* main.m */ = {isa = PBXFileReference; lastKnownFileType = sourcecode.c.objc; path = main.m; sourceTree = "<group>"; };
		406C242E1A1C27F9006FA6B5 /* MainView.h */ = {isa = PBXFileReference; lastKnownFileType = sourcecode.c.h; path = MainView.h; sourceTree = "<group>"; };
		406C242F1A1C27F9006FA6B5 /* MainView.m */ = {isa = PBXFileReference; lastKnownFileType = sourcecode.c.objc; path = MainView.m; sourceTree = "<group>"; };
		406C24301A1C27F9006FA6B5 /* MainView.xib */ = {isa = PBXFileReference; lastKnownFileType = file.xib; path = MainView.xib; sourceTree = "<group>"; };
		406C24311A1C27F9006FA6B5 /* more_circlefriends@2x.png */ = {isa = PBXFileReference; lastKnownFileType = image.png; path = "more_circlefriends@2x.png"; sourceTree = "<group>"; };
		406C24321A1C27F9006FA6B5 /* more_icon_collection1@2x.png */ = {isa = PBXFileReference; lastKnownFileType = image.png; path = "more_icon_collection1@2x.png"; sourceTree = "<group>"; };
		406C24331A1C27F9006FA6B5 /* more_icon_collection@2x 17.png */ = {isa = PBXFileReference; lastKnownFileType = image.png; path = "more_icon_collection@2x 17.png"; sourceTree = "<group>"; };
		406C24341A1C27F9006FA6B5 /* more_icon_link@2x.png */ = {isa = PBXFileReference; lastKnownFileType = image.png; path = "more_icon_link@2x.png"; sourceTree = "<group>"; };
		406C24351A1C27F9006FA6B5 /* more_weibo@2x.png */ = {isa = PBXFileReference; lastKnownFileType = image.png; path = "more_weibo@2x.png"; sourceTree = "<group>"; };
		406C24361A1C27F9006FA6B5 /* more_weixin@2x.png */ = {isa = PBXFileReference; lastKnownFileType = image.png; path = "more_weixin@2x.png"; sourceTree = "<group>"; };
		406C24381A1C27F9006FA6B5 /* libTCWeiboSDK.a */ = {isa = PBXFileReference; lastKnownFileType = archive.ar; path = libTCWeiboSDK.a; sourceTree = "<group>"; };
		406C24391A1C27F9006FA6B5 /* WeiboApi.h */ = {isa = PBXFileReference; lastKnownFileType = sourcecode.c.h; path = WeiboApi.h; sourceTree = "<group>"; };
		406C243A1A1C27F9006FA6B5 /* WeiboApiObject.h */ = {isa = PBXFileReference; lastKnownFileType = sourcecode.c.h; path = WeiboApiObject.h; sourceTree = "<group>"; };
		406C243B1A1C27F9006FA6B5 /* WbApi.h */ = {isa = PBXFileReference; lastKnownFileType = sourcecode.c.h; path = WbApi.h; sourceTree = "<group>"; };
		406C243C1A1C27F9006FA6B5 /* WbApi.m */ = {isa = PBXFileReference; lastKnownFileType = sourcecode.c.objc; path = WbApi.m; sourceTree = "<group>"; };
		406C243D1A1C27F9006FA6B5 /* YiQiWeb-Info.plist */ = {isa = PBXFileReference; lastKnownFileType = text.plist.xml; path = "YiQiWeb-Info.plist"; sourceTree = "<group>"; };
		406C243E1A1C27F9006FA6B5 /* YiQiWeb-Prefix.pch */ = {isa = PBXFileReference; lastKnownFileType = sourcecode.c.h; path = "YiQiWeb-Prefix.pch"; sourceTree = "<group>"; };
		406C24401A1C27F9006FA6B5 /* YiQiWeb.xcdatamodel */ = {isa = PBXFileReference; lastKnownFileType = wrapper.xcdatamodel; path = YiQiWeb.xcdatamodel; sourceTree = "<group>"; };
		406C24421A1C27F9006FA6B5 /* UIImage+Redraw.h */ = {isa = PBXFileReference; lastKnownFileType = sourcecode.c.h; path = "UIImage+Redraw.h"; sourceTree = "<group>"; };
		406C24431A1C27F9006FA6B5 /* UIImage+Redraw.m */ = {isa = PBXFileReference; lastKnownFileType = sourcecode.c.objc; path = "UIImage+Redraw.m"; sourceTree = "<group>"; };
		406C24501A1C2ECE006FA6B5 /* Accounts.framework */ = {isa = PBXFileReference; lastKnownFileType = wrapper.framework; name = Accounts.framework; path = System/Library/Frameworks/Accounts.framework; sourceTree = SDKROOT; };
		406C24521A1C2EF7006FA6B5 /* Social.framework */ = {isa = PBXFileReference; lastKnownFileType = wrapper.framework; name = Social.framework; path = System/Library/Frameworks/Social.framework; sourceTree = SDKROOT; };
		406C24541A1C3142006FA6B5 /* WeiboApi.h */ = {isa = PBXFileReference; lastKnownFileType = sourcecode.c.h; path = WeiboApi.h; sourceTree = "<group>"; };
		406C24551A1C3142006FA6B5 /* WeiboApiObject.h */ = {isa = PBXFileReference; lastKnownFileType = sourcecode.c.h; path = WeiboApiObject.h; sourceTree = "<group>"; };
		4070F5671A1B168300AE8CD7 /* more_icon_link@2x.png */ = {isa = PBXFileReference; lastKnownFileType = image.png; path = "more_icon_link@2x.png"; sourceTree = "<group>"; };
		4070F56B1A1B17FD00AE8CD7 /* icon_default@2x.png */ = {isa = PBXFileReference; lastKnownFileType = image.png; path = "icon_default@2x.png"; sourceTree = "<group>"; };
		4070F56E1A1B19B300AE8CD7 /* JDStatusBarNotification.h */ = {isa = PBXFileReference; fileEncoding = 4; lastKnownFileType = sourcecode.c.h; path = JDStatusBarNotification.h; sourceTree = "<group>"; };
		4070F56F1A1B19B300AE8CD7 /* JDStatusBarNotification.m */ = {isa = PBXFileReference; fileEncoding = 4; lastKnownFileType = sourcecode.c.objc; path = JDStatusBarNotification.m; sourceTree = "<group>"; };
		4070F5701A1B19B300AE8CD7 /* JDStatusBarStyle.h */ = {isa = PBXFileReference; fileEncoding = 4; lastKnownFileType = sourcecode.c.h; path = JDStatusBarStyle.h; sourceTree = "<group>"; };
		4070F5711A1B19B300AE8CD7 /* JDStatusBarStyle.m */ = {isa = PBXFileReference; fileEncoding = 4; lastKnownFileType = sourcecode.c.objc; path = JDStatusBarStyle.m; sourceTree = "<group>"; };
		4070F5721A1B19B300AE8CD7 /* JDStatusBarView.h */ = {isa = PBXFileReference; fileEncoding = 4; lastKnownFileType = sourcecode.c.h; path = JDStatusBarView.h; sourceTree = "<group>"; };
		4070F5731A1B19B300AE8CD7 /* JDStatusBarView.m */ = {isa = PBXFileReference; fileEncoding = 4; lastKnownFileType = sourcecode.c.objc; path = JDStatusBarView.m; sourceTree = "<group>"; };
		40D5473D1A1EF44300816731 /* UIImage+Redraw.h */ = {isa = PBXFileReference; fileEncoding = 4; lastKnownFileType = sourcecode.c.h; path = "UIImage+Redraw.h"; sourceTree = "<group>"; };
		40D5473E1A1EF44300816731 /* UIImage+Redraw.m */ = {isa = PBXFileReference; fileEncoding = 4; lastKnownFileType = sourcecode.c.objc; path = "UIImage+Redraw.m"; sourceTree = "<group>"; };
		40D547421A1F08A800816731 /* AVFoundation.framework */ = {isa = PBXFileReference; lastKnownFileType = wrapper.framework; name = AVFoundation.framework; path = System/Library/Frameworks/AVFoundation.framework; sourceTree = SDKROOT; };
		40D8F5AE1A1AD308005844B5 /* MainView.h */ = {isa = PBXFileReference; fileEncoding = 4; lastKnownFileType = sourcecode.c.h; path = MainView.h; sourceTree = "<group>"; };
		40D8F5AF1A1AD308005844B5 /* MainView.m */ = {isa = PBXFileReference; fileEncoding = 4; lastKnownFileType = sourcecode.c.objc; path = MainView.m; sourceTree = "<group>"; };
		40D8F5B01A1AD308005844B5 /* MainView.xib */ = {isa = PBXFileReference; fileEncoding = 4; lastKnownFileType = file.xib; path = MainView.xib; sourceTree = "<group>"; };
		40D8F5BA1A1ADE88005844B5 /* ShareSheet.h */ = {isa = PBXFileReference; fileEncoding = 4; lastKnownFileType = sourcecode.c.h; path = ShareSheet.h; sourceTree = "<group>"; };
		40D8F5BB1A1ADE88005844B5 /* ShareSheet.m */ = {isa = PBXFileReference; fileEncoding = 4; lastKnownFileType = sourcecode.c.objc; path = ShareSheet.m; sourceTree = "<group>"; };
		40D8F5BF1A1AE217005844B5 /* more_weibo@2x.png */ = {isa = PBXFileReference; lastKnownFileType = image.png; path = "more_weibo@2x.png"; sourceTree = "<group>"; };
		40D8F5C01A1AE217005844B5 /* more_weixin@2x.png */ = {isa = PBXFileReference; lastKnownFileType = image.png; path = "more_weixin@2x.png"; sourceTree = "<group>"; };
		40D8F5C11A1AE217005844B5 /* more_icon_collection1@2x.png */ = {isa = PBXFileReference; lastKnownFileType = image.png; path = "more_icon_collection1@2x.png"; sourceTree = "<group>"; };
		40D8F5C61A1AE282005844B5 /* more_circlefriends@2x.png */ = {isa = PBXFileReference; lastKnownFileType = image.png; path = "more_circlefriends@2x.png"; sourceTree = "<group>"; };
		40D8F5CA1A1AE3F4005844B5 /* libWeiboSDK.a */ = {isa = PBXFileReference; lastKnownFileType = archive.ar; path = libWeiboSDK.a; sourceTree = "<group>"; };
		40D8F5CB1A1AE3F4005844B5 /* WeiboSDK.bundle */ = {isa = PBXFileReference; lastKnownFileType = "wrapper.plug-in"; path = WeiboSDK.bundle; sourceTree = "<group>"; };
		40D8F5CC1A1AE3F4005844B5 /* WeiboSDK.h */ = {isa = PBXFileReference; fileEncoding = 4; lastKnownFileType = sourcecode.c.h; path = WeiboSDK.h; sourceTree = "<group>"; };
		40D8F5E01A1AFAAA005844B5 /* WbApi.h */ = {isa = PBXFileReference; fileEncoding = 4; lastKnownFileType = sourcecode.c.h; path = WbApi.h; sourceTree = "<group>"; };
		40D8F5E11A1AFAAA005844B5 /* WbApi.m */ = {isa = PBXFileReference; fileEncoding = 4; lastKnownFileType = sourcecode.c.objc; path = WbApi.m; sourceTree = "<group>"; };
		40DBB72A1A245D8600C1D368 /* CameraView.m */ = {isa = PBXFileReference; fileEncoding = 4; lastKnownFileType = sourcecode.c.objc; path = CameraView.m; sourceTree = "<group>"; };
		40DBB72B1A245D8600C1D368 /* CameraView.h */ = {isa = PBXFileReference; fileEncoding = 4; lastKnownFileType = sourcecode.c.h; path = CameraView.h; sourceTree = "<group>"; };
		40DBB72D1A245D8900C1D368 /* CameraView.xib */ = {isa = PBXFileReference; fileEncoding = 4; lastKnownFileType = file.xib; path = CameraView.xib; sourceTree = "<group>"; };
		40DBB7331A245D9600C1D368 /* Decoder.h */ = {isa = PBXFileReference; fileEncoding = 4; lastKnownFileType = sourcecode.c.h; path = Decoder.h; sourceTree = "<group>"; };
		40DBB7341A245D9600C1D368 /* Exception.h */ = {isa = PBXFileReference; fileEncoding = 4; lastKnownFileType = sourcecode.c.h; path = Exception.h; sourceTree = "<group>"; };
		40DBB7351A245D9600C1D368 /* Image.h */ = {isa = PBXFileReference; fileEncoding = 4; lastKnownFileType = sourcecode.c.h; path = Image.h; sourceTree = "<group>"; };
		40DBB7361A245D9600C1D368 /* ImageScanner.h */ = {isa = PBXFileReference; fileEncoding = 4; lastKnownFileType = sourcecode.c.h; path = ImageScanner.h; sourceTree = "<group>"; };
		40DBB7371A245D9600C1D368 /* Processor.h */ = {isa = PBXFileReference; fileEncoding = 4; lastKnownFileType = sourcecode.c.h; path = Processor.h; sourceTree = "<group>"; };
		40DBB7381A245D9600C1D368 /* Scanner.h */ = {isa = PBXFileReference; fileEncoding = 4; lastKnownFileType = sourcecode.c.h; path = Scanner.h; sourceTree = "<group>"; };
		40DBB7391A245D9600C1D368 /* Symbol.h */ = {isa = PBXFileReference; fileEncoding = 4; lastKnownFileType = sourcecode.c.h; path = Symbol.h; sourceTree = "<group>"; };
		40DBB73A1A245D9600C1D368 /* Video.h */ = {isa = PBXFileReference; fileEncoding = 4; lastKnownFileType = sourcecode.c.h; path = Video.h; sourceTree = "<group>"; };
		40DBB73B1A245D9600C1D368 /* Window.h */ = {isa = PBXFileReference; fileEncoding = 4; lastKnownFileType = sourcecode.c.h; path = Window.h; sourceTree = "<group>"; };
		40DBB73C1A245D9600C1D368 /* zbar.h */ = {isa = PBXFileReference; fileEncoding = 4; lastKnownFileType = sourcecode.c.h; path = zbar.h; sourceTree = "<group>"; };
		40DBB73D1A245D9600C1D368 /* ZBarCameraSimulator.h */ = {isa = PBXFileReference; fileEncoding = 4; lastKnownFileType = sourcecode.c.h; path = ZBarCameraSimulator.h; sourceTree = "<group>"; };
		40DBB73E1A245D9600C1D368 /* ZBarCaptureReader.h */ = {isa = PBXFileReference; fileEncoding = 4; lastKnownFileType = sourcecode.c.h; path = ZBarCaptureReader.h; sourceTree = "<group>"; };
		40DBB73F1A245D9600C1D368 /* ZBarHelpController.h */ = {isa = PBXFileReference; fileEncoding = 4; lastKnownFileType = sourcecode.c.h; path = ZBarHelpController.h; sourceTree = "<group>"; };
		40DBB7401A245D9600C1D368 /* ZBarImage.h */ = {isa = PBXFileReference; fileEncoding = 4; lastKnownFileType = sourcecode.c.h; path = ZBarImage.h; sourceTree = "<group>"; };
		40DBB7411A245D9600C1D368 /* ZBarImageScanner.h */ = {isa = PBXFileReference; fileEncoding = 4; lastKnownFileType = sourcecode.c.h; path = ZBarImageScanner.h; sourceTree = "<group>"; };
		40DBB7421A245D9600C1D368 /* ZBarReaderController.h */ = {isa = PBXFileReference; fileEncoding = 4; lastKnownFileType = sourcecode.c.h; path = ZBarReaderController.h; sourceTree = "<group>"; };
		40DBB7431A245D9600C1D368 /* ZBarReaderView.h */ = {isa = PBXFileReference; fileEncoding = 4; lastKnownFileType = sourcecode.c.h; path = ZBarReaderView.h; sourceTree = "<group>"; };
		40DBB7441A245D9600C1D368 /* ZBarReaderViewController.h */ = {isa = PBXFileReference; fileEncoding = 4; lastKnownFileType = sourcecode.c.h; path = ZBarReaderViewController.h; sourceTree = "<group>"; };
		40DBB7451A245D9600C1D368 /* ZBarSDK.h */ = {isa = PBXFileReference; fileEncoding = 4; lastKnownFileType = sourcecode.c.h; path = ZBarSDK.h; sourceTree = "<group>"; };
		40DBB7461A245D9600C1D368 /* ZBarSymbol.h */ = {isa = PBXFileReference; fileEncoding = 4; lastKnownFileType = sourcecode.c.h; path = ZBarSymbol.h; sourceTree = "<group>"; };
		40DBB7471A245D9600C1D368 /* libzbar.a */ = {isa = PBXFileReference; lastKnownFileType = archive.ar; path = libzbar.a; sourceTree = "<group>"; };
		40DBB7491A245D9600C1D368 /* zbar-back.png */ = {isa = PBXFileReference; lastKnownFileType = image.png; path = "zbar-back.png"; sourceTree = "<group>"; };
		40DBB74A1A245D9600C1D368 /* zbar-help.html */ = {isa = PBXFileReference; fileEncoding = 4; lastKnownFileType = text.html; path = "zbar-help.html"; sourceTree = "<group>"; };
		40DBB74B1A245D9600C1D368 /* zbar-helpicons.png */ = {isa = PBXFileReference; lastKnownFileType = image.png; path = "zbar-helpicons.png"; sourceTree = "<group>"; };
		40DBB74C1A245D9600C1D368 /* zbar-samples.png */ = {isa = PBXFileReference; lastKnownFileType = image.png; path = "zbar-samples.png"; sourceTree = "<group>"; };
		40DBB7521A245DAA00C1D368 /* CoreMedia.framework */ = {isa = PBXFileReference; lastKnownFileType = wrapper.framework; name = CoreMedia.framework; path = System/Library/Frameworks/CoreMedia.framework; sourceTree = SDKROOT; };
		40DBB7541A245DBB00C1D368 /* CoreVideo.framework */ = {isa = PBXFileReference; lastKnownFileType = wrapper.framework; name = CoreVideo.framework; path = System/Library/Frameworks/CoreVideo.framework; sourceTree = SDKROOT; };
		40DBB7561A245EF500C1D368 /* line@2x.png */ = {isa = PBXFileReference; lastKnownFileType = image.png; path = "line@2x.png"; sourceTree = "<group>"; };
		40DBB7571A245EF500C1D368 /* pick_bg@2x.png */ = {isa = PBXFileReference; lastKnownFileType = image.png; path = "pick_bg@2x.png"; sourceTree = "<group>"; };
		40DBB75C1A2460B400C1D368 /* TencentOpenApi_IOS_Bundle.bundle */ = {isa = PBXFileReference; lastKnownFileType = "wrapper.plug-in"; name = TencentOpenApi_IOS_Bundle.bundle; path = ../TencentOpenApi_IOS_Bundle.bundle; sourceTree = "<group>"; };
		40DBB75E1A2460DF00C1D368 /* TencentOpenAPI.framework */ = {isa = PBXFileReference; lastKnownFileType = wrapper.framework; path = TencentOpenAPI.framework; sourceTree = "<group>"; };
		40DBB7611A24616900C1D368 /* libWeChatSDK.a */ = {isa = PBXFileReference; lastKnownFileType = archive.ar; path = libWeChatSDK.a; sourceTree = "<group>"; };
		40DBB7631A24616900C1D368 /* WXApi.h */ = {isa = PBXFileReference; fileEncoding = 4; lastKnownFileType = sourcecode.c.h; path = WXApi.h; sourceTree = "<group>"; };
		40DBB7641A24616900C1D368 /* WXApiObject.h */ = {isa = PBXFileReference; fileEncoding = 4; lastKnownFileType = sourcecode.c.h; path = WXApiObject.h; sourceTree = "<group>"; };
		40DD42141A22E90600897E5B /* Reachability.h */ = {isa = PBXFileReference; fileEncoding = 4; lastKnownFileType = sourcecode.c.h; path = Reachability.h; sourceTree = "<group>"; };
		40DD42151A22E90600897E5B /* Reachability.m */ = {isa = PBXFileReference; fileEncoding = 4; lastKnownFileType = sourcecode.c.objc; path = Reachability.m; sourceTree = "<group>"; };
		40DD42191A22EB9D00897E5B /* flashlight.png */ = {isa = PBXFileReference; lastKnownFileType = image.png; path = flashlight.png; sourceTree = "<group>"; };
		40DD421B1A22EB9D00897E5B /* saomiao.png */ = {isa = PBXFileReference; lastKnownFileType = image.png; path = saomiao.png; sourceTree = "<group>"; };
		40DD421C1A22EB9D00897E5B /* txweibo.png */ = {isa = PBXFileReference; lastKnownFileType = image.png; path = txweibo.png; sourceTree = "<group>"; };
		40DD421D1A22EB9D00897E5B /* xlweibo.png */ = {isa = PBXFileReference; lastKnownFileType = image.png; path = xlweibo.png; sourceTree = "<group>"; };
		40DD42231A22EC6900897E5B /* qqkongjian.png */ = {isa = PBXFileReference; lastKnownFileType = image.png; path = qqkongjian.png; sourceTree = "<group>"; };
		40DD42251A2312ED00897E5B /* VerticallyAlignedLabel.h */ = {isa = PBXFileReference; fileEncoding = 4; lastKnownFileType = sourcecode.c.h; path = VerticallyAlignedLabel.h; sourceTree = "<group>"; };
		40DD42261A2312ED00897E5B /* VerticallyAlignedLabel.m */ = {isa = PBXFileReference; fileEncoding = 4; lastKnownFileType = sourcecode.c.objc; path = VerticallyAlignedLabel.m; sourceTree = "<group>"; };
		40DD42281A23130700897E5B /* Collection.h */ = {isa = PBXFileReference; fileEncoding = 4; lastKnownFileType = sourcecode.c.h; path = Collection.h; sourceTree = "<group>"; };
		40DD42291A23130700897E5B /* Collection.m */ = {isa = PBXFileReference; fileEncoding = 4; lastKnownFileType = sourcecode.c.objc; path = Collection.m; sourceTree = "<group>"; };
		40DD422A1A23130700897E5B /* CollectionsViewController.h */ = {isa = PBXFileReference; fileEncoding = 4; lastKnownFileType = sourcecode.c.h; path = CollectionsViewController.h; sourceTree = "<group>"; };
		40DD422B1A23130700897E5B /* CollectionsViewController.m */ = {isa = PBXFileReference; fileEncoding = 4; lastKnownFileType = sourcecode.c.objc; path = CollectionsViewController.m; sourceTree = "<group>"; };
		40DD422C1A23130700897E5B /* CollectionsViewController.xib */ = {isa = PBXFileReference; fileEncoding = 4; lastKnownFileType = file.xib; path = CollectionsViewController.xib; sourceTree = "<group>"; };
		40DD422D1A23130700897E5B /* CustomCell.h */ = {isa = PBXFileReference; fileEncoding = 4; lastKnownFileType = sourcecode.c.h; path = CustomCell.h; sourceTree = "<group>"; };
		40DD422E1A23130700897E5B /* CustomCell.m */ = {isa = PBXFileReference; fileEncoding = 4; lastKnownFileType = sourcecode.c.objc; path = CustomCell.m; sourceTree = "<group>"; };
		40DD422F1A23130700897E5B /* CustomCell.xib */ = {isa = PBXFileReference; fileEncoding = 4; lastKnownFileType = file.xib; path = CustomCell.xib; sourceTree = "<group>"; };
		40DD42301A23130700897E5B /* GoViewController.h */ = {isa = PBXFileReference; fileEncoding = 4; lastKnownFileType = sourcecode.c.h; path = GoViewController.h; sourceTree = "<group>"; };
		40DD42311A23130700897E5B /* GoViewController.m */ = {isa = PBXFileReference; fileEncoding = 4; lastKnownFileType = sourcecode.c.objc; path = GoViewController.m; sourceTree = "<group>"; };
		40DD42321A23130700897E5B /* GoViewController.xib */ = {isa = PBXFileReference; fileEncoding = 4; lastKnownFileType = file.xib; path = GoViewController.xib; sourceTree = "<group>"; };
		40DD42441A23184C00897E5B /* Default.png */ = {isa = PBXFileReference; lastKnownFileType = image.png; path = Default.png; sourceTree = "<group>"; };
		40DD42461A232C1400897E5B /* ReminderView.h */ = {isa = PBXFileReference; fileEncoding = 4; lastKnownFileType = sourcecode.c.h; path = ReminderView.h; sourceTree = "<group>"; };
		40DD42471A232C1400897E5B /* ReminderView.m */ = {isa = PBXFileReference; fileEncoding = 4; lastKnownFileType = sourcecode.c.objc; path = ReminderView.m; sourceTree = "<group>"; };
		40DD42491A23360800897E5B /* MyProgressView.h */ = {isa = PBXFileReference; fileEncoding = 4; lastKnownFileType = sourcecode.c.h; path = MyProgressView.h; sourceTree = "<group>"; };
		40DD424A1A23360800897E5B /* MyProgressView.m */ = {isa = PBXFileReference; fileEncoding = 4; lastKnownFileType = sourcecode.c.objc; path = MyProgressView.m; sourceTree = "<group>"; };
		40DD424C1A23361A00897E5B /* EditViewController.h */ = {isa = PBXFileReference; fileEncoding = 4; lastKnownFileType = sourcecode.c.h; path = EditViewController.h; sourceTree = "<group>"; };
		40DD424D1A23361A00897E5B /* EditViewController.m */ = {isa = PBXFileReference; fileEncoding = 4; lastKnownFileType = sourcecode.c.objc; path = EditViewController.m; sourceTree = "<group>"; };
		40DD424E1A23361A00897E5B /* EditViewController.xib */ = {isa = PBXFileReference; fileEncoding = 4; lastKnownFileType = file.xib; path = EditViewController.xib; sourceTree = "<group>"; };
		40E4D4401A1D94DC0012256F /* Action_Copy@2x.png */ = {isa = PBXFileReference; lastKnownFileType = image.png; path = "Action_Copy@2x.png"; sourceTree = "<group>"; };
		40E4D4411A1D94DC0012256F /* Action_MyFavAdd@2x.png */ = {isa = PBXFileReference; lastKnownFileType = image.png; path = "Action_MyFavAdd@2x.png"; sourceTree = "<group>"; };
		40E4D4421A1D94DC0012256F /* MoreMyFavorites@2x.png */ = {isa = PBXFileReference; lastKnownFileType = image.png; path = "MoreMyFavorites@2x.png"; sourceTree = "<group>"; };
		40E4D4461A1DA0B10012256F /* QzoneShare.png */ = {isa = PBXFileReference; lastKnownFileType = image.png; path = QzoneShare.png; sourceTree = "<group>"; };
		40E4D44F1A1DB5CB0012256F /* Security.framework */ = {isa = PBXFileReference; lastKnownFileType = wrapper.framework; name = Security.framework; path = System/Library/Frameworks/Security.framework; sourceTree = SDKROOT; };
		40E4D4511A1DB5D60012256F /* libiconv.dylib */ = {isa = PBXFileReference; lastKnownFileType = "compiled.mach-o.dylib"; name = libiconv.dylib; path = usr/lib/libiconv.dylib; sourceTree = SDKROOT; };
		40E4D4531A1DB5DE0012256F /* SystemConfiguration.framework */ = {isa = PBXFileReference; lastKnownFileType = wrapper.framework; name = SystemConfiguration.framework; path = System/Library/Frameworks/SystemConfiguration.framework; sourceTree = SDKROOT; };
		40E4D4551A1DB5FA0012256F /* libz.dylib */ = {isa = PBXFileReference; lastKnownFileType = "compiled.mach-o.dylib"; name = libz.dylib; path = usr/lib/libz.dylib; sourceTree = SDKROOT; };
		40E4D4571A1DB6050012256F /* libstdc++.dylib */ = {isa = PBXFileReference; lastKnownFileType = "compiled.mach-o.dylib"; name = "libstdc++.dylib"; path = "usr/lib/libstdc++.dylib"; sourceTree = SDKROOT; };
		40E4D4591A1DB6180012256F /* CoreTelephony.framework */ = {isa = PBXFileReference; lastKnownFileType = wrapper.framework; name = CoreTelephony.framework; path = System/Library/Frameworks/CoreTelephony.framework; sourceTree = SDKROOT; };
		40E4D45D1A1DCAEF0012256F /* Action_Share@2x.png */ = {isa = PBXFileReference; lastKnownFileType = image.png; path = "Action_Share@2x.png"; sourceTree = "<group>"; };
		40E4D45E1A1DCAEF0012256F /* Action_Moments@2x.png */ = {isa = PBXFileReference; lastKnownFileType = image.png; path = "Action_Moments@2x.png"; sourceTree = "<group>"; };
		40F30B181A1C38BE0031EF5A /* SqlServer.h */ = {isa = PBXFileReference; lastKnownFileType = sourcecode.c.h; path = SqlServer.h; sourceTree = "<group>"; };
		40F30B191A1C38C40031EF5A /* SqlServer.m */ = {isa = PBXFileReference; fileEncoding = 4; lastKnownFileType = sourcecode.c.objc; path = SqlServer.m; sourceTree = "<group>"; };
		40F30B1B1A1C3B380031EF5A /* libsqlite3.dylib */ = {isa = PBXFileReference; lastKnownFileType = "compiled.mach-o.dylib"; name = libsqlite3.dylib; path = usr/lib/libsqlite3.dylib; sourceTree = SDKROOT; };
		40F30B1F1A1C664F0031EF5A /* more_icon_collection2@2x.png */ = {isa = PBXFileReference; lastKnownFileType = image.png; path = "more_icon_collection2@2x.png"; sourceTree = "<group>"; };
		40F30B211A1C67070031EF5A /* ShareViewController.h */ = {isa = PBXFileReference; fileEncoding = 4; lastKnownFileType = sourcecode.c.h; path = ShareViewController.h; sourceTree = "<group>"; };
		40F30B221A1C67070031EF5A /* ShareViewController.m */ = {isa = PBXFileReference; fileEncoding = 4; lastKnownFileType = sourcecode.c.objc; path = ShareViewController.m; sourceTree = "<group>"; };
		40F30B231A1C67070031EF5A /* ShareViewController.xib */ = {isa = PBXFileReference; fileEncoding = 4; lastKnownFileType = file.xib; path = ShareViewController.xib; sourceTree = "<group>"; };
		40F30B331A1C818E0031EF5A /* BaseAnimation.h */ = {isa = PBXFileReference; fileEncoding = 4; lastKnownFileType = sourcecode.c.h; path = BaseAnimation.h; sourceTree = "<group>"; };
		40F30B341A1C818E0031EF5A /* BaseAnimation.m */ = {isa = PBXFileReference; fileEncoding = 4; lastKnownFileType = sourcecode.c.objc; path = BaseAnimation.m; sourceTree = "<group>"; };
		40F30B351A1C818E0031EF5A /* SlideAnimation.h */ = {isa = PBXFileReference; fileEncoding = 4; lastKnownFileType = sourcecode.c.h; path = SlideAnimation.h; sourceTree = "<group>"; };
		40F30B361A1C818E0031EF5A /* SlideAnimation.m */ = {isa = PBXFileReference; fileEncoding = 4; lastKnownFileType = sourcecode.c.objc; path = SlideAnimation.m; sourceTree = "<group>"; };
/* End PBXFileReference section */

/* Begin PBXFrameworksBuildPhase section */
		04C05DD51A159DC70090B701 /* Frameworks */ = {
			isa = PBXFrameworksBuildPhase;
			buildActionMask = 2147483647;
			files = (
				40DBB75F1A2460DF00C1D368 /* TencentOpenAPI.framework in Frameworks */,
				40DBB7551A245DBB00C1D368 /* CoreVideo.framework in Frameworks */,
				04C05DDE1A159DC70090B701 /* CoreGraphics.framework in Frameworks */,
				40DBB7531A245DAA00C1D368 /* CoreMedia.framework in Frameworks */,
				40D547431A1F08A800816731 /* AVFoundation.framework in Frameworks */,
				40DBB74D1A245D9600C1D368 /* libzbar.a in Frameworks */,
				40E4D45A1A1DB6180012256F /* CoreTelephony.framework in Frameworks */,
				40E4D4581A1DB6050012256F /* libstdc++.dylib in Frameworks */,
				40E4D4561A1DB5FA0012256F /* libz.dylib in Frameworks */,
				40E4D4541A1DB5DE0012256F /* SystemConfiguration.framework in Frameworks */,
				40E4D4521A1DB5D60012256F /* libiconv.dylib in Frameworks */,
				40E4D4501A1DB5CB0012256F /* Security.framework in Frameworks */,
				40F30B1C1A1C3B380031EF5A /* libsqlite3.dylib in Frameworks */,
				406C24531A1C2EF7006FA6B5 /* Social.framework in Frameworks */,
				40DBB7651A24616900C1D368 /* libWeChatSDK.a in Frameworks */,
				406C24511A1C2ECE006FA6B5 /* Accounts.framework in Frameworks */,
				406C244D1A1C2DB4006FA6B5 /* libWeiboSDK.a in Frameworks */,
				406C24461A1C2D0B006FA6B5 /* libTCWeiboSDK.a in Frameworks */,
				04C05DE21A159DC70090B701 /* CoreData.framework in Frameworks */,
				04C05DE01A159DC70090B701 /* UIKit.framework in Frameworks */,
				04C05DDC1A159DC70090B701 /* Foundation.framework in Frameworks */,
			);
			runOnlyForDeploymentPostprocessing = 0;
		};
		04C05DF51A159DC80090B701 /* Frameworks */ = {
			isa = PBXFrameworksBuildPhase;
			buildActionMask = 2147483647;
			files = (
				04C05DFA1A159DC80090B701 /* XCTest.framework in Frameworks */,
				04C05DFD1A159DC80090B701 /* CoreData.framework in Frameworks */,
				04C05DFC1A159DC80090B701 /* UIKit.framework in Frameworks */,
				04C05DFB1A159DC80090B701 /* Foundation.framework in Frameworks */,
			);
			runOnlyForDeploymentPostprocessing = 0;
		};
/* End PBXFrameworksBuildPhase section */

/* Begin PBXGroup section */
		04C05DCF1A159DC70090B701 = {
			isa = PBXGroup;
			children = (
				04C05DE31A159DC70090B701 /* YiQiWeb */,
				04C05E001A159DC80090B701 /* YiQiWebTests */,
				04C05DDA1A159DC70090B701 /* Frameworks */,
				04C05DD91A159DC70090B701 /* Products */,
			);
			sourceTree = "<group>";
		};
		04C05DD91A159DC70090B701 /* Products */ = {
			isa = PBXGroup;
			children = (
				04C05DD81A159DC70090B701 /* YiQiWeb.app */,
				04C05DF81A159DC80090B701 /* YiQiWebTests.xctest */,
			);
			name = Products;
			sourceTree = "<group>";
		};
		04C05DDA1A159DC70090B701 /* Frameworks */ = {
			isa = PBXGroup;
			children = (
				40DBB75E1A2460DF00C1D368 /* TencentOpenAPI.framework */,
				40DBB7541A245DBB00C1D368 /* CoreVideo.framework */,
				40DBB7521A245DAA00C1D368 /* CoreMedia.framework */,
				40D547421A1F08A800816731 /* AVFoundation.framework */,
				40E4D4591A1DB6180012256F /* CoreTelephony.framework */,
				40E4D4571A1DB6050012256F /* libstdc++.dylib */,
				40E4D4551A1DB5FA0012256F /* libz.dylib */,
				40E4D4531A1DB5DE0012256F /* SystemConfiguration.framework */,
				40E4D4511A1DB5D60012256F /* libiconv.dylib */,
				40E4D44F1A1DB5CB0012256F /* Security.framework */,
				40F30B1B1A1C3B380031EF5A /* libsqlite3.dylib */,
				406C24521A1C2EF7006FA6B5 /* Social.framework */,
				406C24501A1C2ECE006FA6B5 /* Accounts.framework */,
				406C241A1A1C27F9006FA6B5 /* YiQiWeb */,
				04C05DDB1A159DC70090B701 /* Foundation.framework */,
				04C05DDD1A159DC70090B701 /* CoreGraphics.framework */,
				04C05DDF1A159DC70090B701 /* UIKit.framework */,
				04C05DE11A159DC70090B701 /* CoreData.framework */,
				04C05DF91A159DC80090B701 /* XCTest.framework */,
			);
			name = Frameworks;
			sourceTree = "<group>";
		};
		04C05DE31A159DC70090B701 /* YiQiWeb */ = {
			isa = PBXGroup;
			children = (
				04C05DEC1A159DC70090B701 /* AppDelegate.h */,
				04C05DED1A159DC70090B701 /* AppDelegate.m */,
				40F30B1E1A1C4BC80031EF5A /* mainview */,
				40D547411A1F076F00816731 /* collectView */,
				40D547401A1F071600816731 /* shareView */,
				40F30B1D1A1C4BAB0031EF5A /* tools */,
				04C05DF21A159DC70090B701 /* Images.xcassets */,
				04C05DE41A159DC70090B701 /* Supporting Files */,
			);
			path = YiQiWeb;
			sourceTree = "<group>";
		};
		04C05DE41A159DC70090B701 /* Supporting Files */ = {
			isa = PBXGroup;
			children = (
				04C05DE51A159DC70090B701 /* YiQiWeb-Info.plist */,
				04C05DE61A159DC70090B701 /* InfoPlist.strings */,
				04C05DE91A159DC70090B701 /* main.m */,
				04C05DEB1A159DC70090B701 /* YiQiWeb-Prefix.pch */,
			);
			name = "Supporting Files";
			sourceTree = "<group>";
		};
		04C05E001A159DC80090B701 /* YiQiWebTests */ = {
			isa = PBXGroup;
			children = (
				04C05E061A159DC80090B701 /* YiQiWebTests.m */,
				04C05E011A159DC80090B701 /* Supporting Files */,
			);
			path = YiQiWebTests;
			sourceTree = "<group>";
		};
		04C05E011A159DC80090B701 /* Supporting Files */ = {
			isa = PBXGroup;
			children = (
				04C05E021A159DC80090B701 /* YiQiWebTests-Info.plist */,
				04C05E031A159DC80090B701 /* InfoPlist.strings */,
			);
			name = "Supporting Files";
			sourceTree = "<group>";
		};
		406C241A1A1C27F9006FA6B5 /* YiQiWeb */ = {
			isa = PBXGroup;
			children = (
				406C241B1A1C27F9006FA6B5 /* AppDelegate.h */,
				406C241C1A1C27F9006FA6B5 /* AppDelegate.m */,
				406C241D1A1C27F9006FA6B5 /* InfoPlist.strings */,
				406C241F1A1C27F9006FA6B5 /* icon_default@2x.png */,
				406C24201A1C27F9006FA6B5 /* Images.xcassets */,
				406C24211A1C27F9006FA6B5 /* JDStatusBarNotification.h */,
				406C24221A1C27F9006FA6B5 /* JDStatusBarNotification.m */,
				406C24231A1C27F9006FA6B5 /* JDStatusBarStyle.h */,
				406C24241A1C27F9006FA6B5 /* JDStatusBarStyle.m */,
				406C24251A1C27F9006FA6B5 /* JDStatusBarView.h */,
				406C24261A1C27F9006FA6B5 /* JDStatusBarView.m */,
				406C24271A1C27F9006FA6B5 /* KZJShareSheet.h */,
				406C24281A1C27F9006FA6B5 /* KZJShareSheet.m */,
				406C24291A1C27F9006FA6B5 /* libWeiboSDK */,
				406C242D1A1C27F9006FA6B5 /* main.m */,
				406C242E1A1C27F9006FA6B5 /* MainView.h */,
				406C242F1A1C27F9006FA6B5 /* MainView.m */,
				406C24301A1C27F9006FA6B5 /* MainView.xib */,
				406C24311A1C27F9006FA6B5 /* more_circlefriends@2x.png */,
				406C24321A1C27F9006FA6B5 /* more_icon_collection1@2x.png */,
				406C24331A1C27F9006FA6B5 /* more_icon_collection@2x 17.png */,
				406C24341A1C27F9006FA6B5 /* more_icon_link@2x.png */,
				406C24351A1C27F9006FA6B5 /* more_weibo@2x.png */,
				406C24361A1C27F9006FA6B5 /* more_weixin@2x.png */,
				406C24371A1C27F9006FA6B5 /* TCWeiboSDK */,
				406C243B1A1C27F9006FA6B5 /* WbApi.h */,
				406C243C1A1C27F9006FA6B5 /* WbApi.m */,
				406C243D1A1C27F9006FA6B5 /* YiQiWeb-Info.plist */,
				406C243E1A1C27F9006FA6B5 /* YiQiWeb-Prefix.pch */,
				406C243F1A1C27F9006FA6B5 /* YiQiWeb.xcdatamodeld */,
				406C24411A1C27F9006FA6B5 /* 图片重绘 */,
			);
			path = YiQiWeb;
			sourceTree = "<group>";
		};
		406C24291A1C27F9006FA6B5 /* libWeiboSDK */ = {
			isa = PBXGroup;
			children = (
				406C242A1A1C27F9006FA6B5 /* libWeiboSDK.a */,
				406C242B1A1C27F9006FA6B5 /* WeiboSDK.bundle */,
				406C242C1A1C27F9006FA6B5 /* WeiboSDK.h */,
			);
			path = libWeiboSDK;
			sourceTree = "<group>";
		};
		406C24371A1C27F9006FA6B5 /* TCWeiboSDK */ = {
			isa = PBXGroup;
			children = (
				406C24381A1C27F9006FA6B5 /* libTCWeiboSDK.a */,
				406C24391A1C27F9006FA6B5 /* WeiboApi.h */,
				406C243A1A1C27F9006FA6B5 /* WeiboApiObject.h */,
			);
			path = TCWeiboSDK;
			sourceTree = "<group>";
		};
		406C24411A1C27F9006FA6B5 /* 图片重绘 */ = {
			isa = PBXGroup;
			children = (
				406C24421A1C27F9006FA6B5 /* UIImage+Redraw.h */,
				406C24431A1C27F9006FA6B5 /* UIImage+Redraw.m */,
			);
			path = "图片重绘";
			sourceTree = "<group>";
		};
		4070F56D1A1B19A700AE8CD7 /* stausBarNotification */ = {
			isa = PBXGroup;
			children = (
				4070F56E1A1B19B300AE8CD7 /* JDStatusBarNotification.h */,
				4070F56F1A1B19B300AE8CD7 /* JDStatusBarNotification.m */,
				4070F5701A1B19B300AE8CD7 /* JDStatusBarStyle.h */,
				4070F5711A1B19B300AE8CD7 /* JDStatusBarStyle.m */,
				4070F5721A1B19B300AE8CD7 /* JDStatusBarView.h */,
				4070F5731A1B19B300AE8CD7 /* JDStatusBarView.m */,
			);
			name = stausBarNotification;
			sourceTree = "<group>";
		};
		40D547401A1F071600816731 /* shareView */ = {
			isa = PBXGroup;
			children = (
				40D8F5E01A1AFAAA005844B5 /* WbApi.h */,
				40D8F5E11A1AFAAA005844B5 /* WbApi.m */,
				40D8F5BA1A1ADE88005844B5 /* ShareSheet.h */,
				40D8F5BB1A1ADE88005844B5 /* ShareSheet.m */,
				40F30B211A1C67070031EF5A /* ShareViewController.h */,
				40F30B221A1C67070031EF5A /* ShareViewController.m */,
				40F30B231A1C67070031EF5A /* ShareViewController.xib */,
			);
			name = shareView;
			sourceTree = "<group>";
		};
		40D547411A1F076F00816731 /* collectView */ = {
			isa = PBXGroup;
			children = (
				40DD42281A23130700897E5B /* Collection.h */,
				40DD42291A23130700897E5B /* Collection.m */,
				40DD422A1A23130700897E5B /* CollectionsViewController.h */,
				40DD422B1A23130700897E5B /* CollectionsViewController.m */,
				40DD422C1A23130700897E5B /* CollectionsViewController.xib */,
				40DD422D1A23130700897E5B /* CustomCell.h */,
				40DD422E1A23130700897E5B /* CustomCell.m */,
				40DD422F1A23130700897E5B /* CustomCell.xib */,
				40DD42301A23130700897E5B /* GoViewController.h */,
				40DD42311A23130700897E5B /* GoViewController.m */,
				40DD42321A23130700897E5B /* GoViewController.xib */,
				40DD424C1A23361A00897E5B /* EditViewController.h */,
				40DD424D1A23361A00897E5B /* EditViewController.m */,
				40DD424E1A23361A00897E5B /* EditViewController.xib */,
				40DD42251A2312ED00897E5B /* VerticallyAlignedLabel.h */,
				40DD42261A2312ED00897E5B /* VerticallyAlignedLabel.m */,
				40DD42491A23360800897E5B /* MyProgressView.h */,
				40DD424A1A23360800897E5B /* MyProgressView.m */,
			);
			name = collectView;
			sourceTree = "<group>";
		};
		40D8F5B31A1AD59E005844B5 /* 图片重绘 */ = {
			isa = PBXGroup;
			children = (
				40D5473D1A1EF44300816731 /* UIImage+Redraw.h */,
				40D5473E1A1EF44300816731 /* UIImage+Redraw.m */,
			);
			path = "图片重绘";
			sourceTree = "<group>";
		};
		40D8F5BD1A1AE20B005844B5 /* image */ = {
			isa = PBXGroup;
			children = (
				40DBB7561A245EF500C1D368 /* line@2x.png */,
				40DBB7571A245EF500C1D368 /* pick_bg@2x.png */,
				40DD42441A23184C00897E5B /* Default.png */,
				40DD42231A22EC6900897E5B /* qqkongjian.png */,
				40DD42191A22EB9D00897E5B /* flashlight.png */,
				40DD421B1A22EB9D00897E5B /* saomiao.png */,
				40DD421C1A22EB9D00897E5B /* txweibo.png */,
				40DD421D1A22EB9D00897E5B /* xlweibo.png */,
				40E4D45D1A1DCAEF0012256F /* Action_Share@2x.png */,
				40E4D45E1A1DCAEF0012256F /* Action_Moments@2x.png */,
				40E4D4461A1DA0B10012256F /* QzoneShare.png */,
				40E4D4401A1D94DC0012256F /* Action_Copy@2x.png */,
				40E4D4411A1D94DC0012256F /* Action_MyFavAdd@2x.png */,
				40E4D4421A1D94DC0012256F /* MoreMyFavorites@2x.png */,
				40F30B1F1A1C664F0031EF5A /* more_icon_collection2@2x.png */,
				4070F56B1A1B17FD00AE8CD7 /* icon_default@2x.png */,
				4070F5671A1B168300AE8CD7 /* more_icon_link@2x.png */,
				40D8F5BF1A1AE217005844B5 /* more_weibo@2x.png */,
				40D8F5C01A1AE217005844B5 /* more_weixin@2x.png */,
				40D8F5C11A1AE217005844B5 /* more_icon_collection1@2x.png */,
				40D8F5C61A1AE282005844B5 /* more_circlefriends@2x.png */,
			);
			name = image;
			sourceTree = "<group>";
		};
		40D8F5C81A1AE3B7005844B5 /* sdk */ = {
			isa = PBXGroup;
			children = (
				40DBB7601A24616900C1D368 /* WeChatSDK_1-2.5 */,
				40E4D44A1A1DB55F0012256F /* TCZoneSDK */,
				40D8F5CF1A1AECC0005844B5 /* TCWeiboSDK */,
				40D8F5C91A1AE3F4005844B5 /* libWeiboSDK */,
			);
			name = sdk;
			sourceTree = "<group>";
		};
		40D8F5C91A1AE3F4005844B5 /* libWeiboSDK */ = {
			isa = PBXGroup;
			children = (
				40D8F5CA1A1AE3F4005844B5 /* libWeiboSDK.a */,
				40D8F5CB1A1AE3F4005844B5 /* WeiboSDK.bundle */,
				40D8F5CC1A1AE3F4005844B5 /* WeiboSDK.h */,
			);
			path = libWeiboSDK;
			sourceTree = "<group>";
		};
		40D8F5CF1A1AECC0005844B5 /* TCWeiboSDK */ = {
			isa = PBXGroup;
			children = (
				406C24161A1C25D4006FA6B5 /* libTCWeiboSDK.a */,
				406C24541A1C3142006FA6B5 /* WeiboApi.h */,
				406C24551A1C3142006FA6B5 /* WeiboApiObject.h */,
			);
			path = TCWeiboSDK;
			sourceTree = "<group>";
		};
		40DBB72F1A245D9600C1D368 /* ZBarSDK */ = {
			isa = PBXGroup;
			children = (
				40DBB7301A245D9600C1D368 /* Headers */,
				40DBB7471A245D9600C1D368 /* libzbar.a */,
				40DBB7481A245D9600C1D368 /* Resources */,
			);
			path = ZBarSDK;
			sourceTree = "<group>";
		};
		40DBB7301A245D9600C1D368 /* Headers */ = {
			isa = PBXGroup;
			children = (
				40DBB7311A245D9600C1D368 /* ZBarSDK */,
			);
			path = Headers;
			sourceTree = "<group>";
		};
		40DBB7311A245D9600C1D368 /* ZBarSDK */ = {
			isa = PBXGroup;
			children = (
				40DBB7321A245D9600C1D368 /* zbar */,
				40DBB73C1A245D9600C1D368 /* zbar.h */,
				40DBB73D1A245D9600C1D368 /* ZBarCameraSimulator.h */,
				40DBB73E1A245D9600C1D368 /* ZBarCaptureReader.h */,
				40DBB73F1A245D9600C1D368 /* ZBarHelpController.h */,
				40DBB7401A245D9600C1D368 /* ZBarImage.h */,
				40DBB7411A245D9600C1D368 /* ZBarImageScanner.h */,
				40DBB7421A245D9600C1D368 /* ZBarReaderController.h */,
				40DBB7431A245D9600C1D368 /* ZBarReaderView.h */,
				40DBB7441A245D9600C1D368 /* ZBarReaderViewController.h */,
				40DBB7451A245D9600C1D368 /* ZBarSDK.h */,
				40DBB7461A245D9600C1D368 /* ZBarSymbol.h */,
			);
			path = ZBarSDK;
			sourceTree = "<group>";
		};
		40DBB7321A245D9600C1D368 /* zbar */ = {
			isa = PBXGroup;
			children = (
				40DBB7331A245D9600C1D368 /* Decoder.h */,
				40DBB7341A245D9600C1D368 /* Exception.h */,
				40DBB7351A245D9600C1D368 /* Image.h */,
				40DBB7361A245D9600C1D368 /* ImageScanner.h */,
				40DBB7371A245D9600C1D368 /* Processor.h */,
				40DBB7381A245D9600C1D368 /* Scanner.h */,
				40DBB7391A245D9600C1D368 /* Symbol.h */,
				40DBB73A1A245D9600C1D368 /* Video.h */,
				40DBB73B1A245D9600C1D368 /* Window.h */,
			);
			path = zbar;
			sourceTree = "<group>";
		};
		40DBB7481A245D9600C1D368 /* Resources */ = {
			isa = PBXGroup;
			children = (
				40DBB7491A245D9600C1D368 /* zbar-back.png */,
				40DBB74A1A245D9600C1D368 /* zbar-help.html */,
				40DBB74B1A245D9600C1D368 /* zbar-helpicons.png */,
				40DBB74C1A245D9600C1D368 /* zbar-samples.png */,
			);
			path = Resources;
			sourceTree = "<group>";
		};
		40DBB7601A24616900C1D368 /* WeChatSDK_1-2.5 */ = {
			isa = PBXGroup;
			children = (
				40DBB7611A24616900C1D368 /* libWeChatSDK.a */,
				40DBB7631A24616900C1D368 /* WXApi.h */,
				40DBB7641A24616900C1D368 /* WXApiObject.h */,
			);
			path = "WeChatSDK_1-2.5";
			sourceTree = "<group>";
		};
		40DD420E1A22E3C300897E5B /* network */ = {
			isa = PBXGroup;
			children = (
				40DD42141A22E90600897E5B /* Reachability.h */,
				40DD42151A22E90600897E5B /* Reachability.m */,
			);
			name = network;
			sourceTree = "<group>";
		};
		40E4D44A1A1DB55F0012256F /* TCZoneSDK */ = {
			isa = PBXGroup;
			children = (
				40DBB75C1A2460B400C1D368 /* TencentOpenApi_IOS_Bundle.bundle */,
			);
			name = TCZoneSDK;
			sourceTree = "<group>";
		};
		40F30B171A1C38AD0031EF5A /* sqlServer */ = {
			isa = PBXGroup;
			children = (
				40F30B181A1C38BE0031EF5A /* SqlServer.h */,
				40F30B191A1C38C40031EF5A /* SqlServer.m */,
			);
			name = sqlServer;
			sourceTree = "<group>";
		};
		40F30B1D1A1C4BAB0031EF5A /* tools */ = {
			isa = PBXGroup;
			children = (
				40DBB72F1A245D9600C1D368 /* ZBarSDK */,
				40DD420E1A22E3C300897E5B /* network */,
				40F30B391A1C819A0031EF5A /* annimation */,
				40F30B171A1C38AD0031EF5A /* sqlServer */,
				4070F56D1A1B19A700AE8CD7 /* stausBarNotification */,
				40D8F5C81A1AE3B7005844B5 /* sdk */,
				40D8F5BD1A1AE20B005844B5 /* image */,
				40D8F5B31A1AD59E005844B5 /* 图片重绘 */,
			);
			name = tools;
			sourceTree = "<group>";
		};
		40F30B1E1A1C4BC80031EF5A /* mainview */ = {
			isa = PBXGroup;
			children = (
				40D8F5AE1A1AD308005844B5 /* MainView.h */,
				40D8F5AF1A1AD308005844B5 /* MainView.m */,
				40D8F5B01A1AD308005844B5 /* MainView.xib */,
				40DBB72B1A245D8600C1D368 /* CameraView.h */,
				40DBB72A1A245D8600C1D368 /* CameraView.m */,
				40DBB72D1A245D8900C1D368 /* CameraView.xib */,
				40DD42461A232C1400897E5B /* ReminderView.h */,
				40DD42471A232C1400897E5B /* ReminderView.m */,
			);
			name = mainview;
			sourceTree = "<group>";
		};
		40F30B391A1C819A0031EF5A /* annimation */ = {
			isa = PBXGroup;
			children = (
				40F30B331A1C818E0031EF5A /* BaseAnimation.h */,
				40F30B341A1C818E0031EF5A /* BaseAnimation.m */,
				40F30B351A1C818E0031EF5A /* SlideAnimation.h */,
				40F30B361A1C818E0031EF5A /* SlideAnimation.m */,
			);
			name = annimation;
			sourceTree = "<group>";
		};
/* End PBXGroup section */

/* Begin PBXNativeTarget section */
		04C05DD71A159DC70090B701 /* YiQiWeb */ = {
			isa = PBXNativeTarget;
			buildConfigurationList = 04C05E0A1A159DC80090B701 /* Build configuration list for PBXNativeTarget "YiQiWeb" */;
			buildPhases = (
				04C05DD41A159DC70090B701 /* Sources */,
				04C05DD51A159DC70090B701 /* Frameworks */,
				04C05DD61A159DC70090B701 /* Resources */,
			);
			buildRules = (
			);
			dependencies = (
			);
			name = YiQiWeb;
			productName = YiQiWeb;
			productReference = 04C05DD81A159DC70090B701 /* YiQiWeb.app */;
			productType = "com.apple.product-type.application";
		};
		04C05DF71A159DC80090B701 /* YiQiWebTests */ = {
			isa = PBXNativeTarget;
			buildConfigurationList = 04C05E0D1A159DC80090B701 /* Build configuration list for PBXNativeTarget "YiQiWebTests" */;
			buildPhases = (
				04C05DF41A159DC80090B701 /* Sources */,
				04C05DF51A159DC80090B701 /* Frameworks */,
				04C05DF61A159DC80090B701 /* Resources */,
			);
			buildRules = (
			);
			dependencies = (
				04C05DFF1A159DC80090B701 /* PBXTargetDependency */,
			);
			name = YiQiWebTests;
			productName = YiQiWebTests;
			productReference = 04C05DF81A159DC80090B701 /* YiQiWebTests.xctest */;
			productType = "com.apple.product-type.bundle.unit-test";
		};
/* End PBXNativeTarget section */

/* Begin PBXProject section */
		04C05DD01A159DC70090B701 /* Project object */ = {
			isa = PBXProject;
			attributes = {
				LastUpgradeCheck = 0610;
				ORGANIZATIONNAME = "___FULLUSERNAME___";
				TargetAttributes = {
					04C05DF71A159DC80090B701 = {
						TestTargetID = 04C05DD71A159DC70090B701;
					};
				};
			};
			buildConfigurationList = 04C05DD31A159DC70090B701 /* Build configuration list for PBXProject "YiQiWeb" */;
			compatibilityVersion = "Xcode 3.2";
			developmentRegion = English;
			hasScannedForEncodings = 0;
			knownRegions = (
				en,
			);
			mainGroup = 04C05DCF1A159DC70090B701;
			productRefGroup = 04C05DD91A159DC70090B701 /* Products */;
			projectDirPath = "";
			projectRoot = "";
			targets = (
				04C05DD71A159DC70090B701 /* YiQiWeb */,
				04C05DF71A159DC80090B701 /* YiQiWebTests */,
			);
		};
/* End PBXProject section */

/* Begin PBXResourcesBuildPhase section */
		04C05DD61A159DC70090B701 /* Resources */ = {
			isa = PBXResourcesBuildPhase;
			buildActionMask = 2147483647;
			files = (
				40DBB75D1A2460B400C1D368 /* TencentOpenApi_IOS_Bundle.bundle in Resources */,
				40DD423A1A23130700897E5B /* CustomCell.xib in Resources */,
				40DD42451A23184C00897E5B /* Default.png in Resources */,
				40DBB7501A245D9600C1D368 /* zbar-helpicons.png in Resources */,
				40D8F5B21A1AD308005844B5 /* MainView.xib in Resources */,
				40DD42201A22EB9D00897E5B /* saomiao.png in Resources */,
				4070F56C1A1B17FD00AE8CD7 /* icon_default@2x.png in Resources */,
				40DBB74E1A245D9600C1D368 /* zbar-back.png in Resources */,
				40DBB7511A245D9600C1D368 /* zbar-samples.png in Resources */,
				40D8F5C31A1AE217005844B5 /* more_weibo@2x.png in Resources */,
				40DBB7591A245EF500C1D368 /* pick_bg@2x.png in Resources */,
				40DD423C1A23130700897E5B /* GoViewController.xib in Resources */,
				40DD42381A23130700897E5B /* CollectionsViewController.xib in Resources */,
				40DD42501A23361A00897E5B /* EditViewController.xib in Resources */,
				04C05DE81A159DC70090B701 /* InfoPlist.strings in Resources */,
				04C05DF31A159DC70090B701 /* Images.xcassets in Resources */,
				40D8F5CE1A1AE3F4005844B5 /* WeiboSDK.bundle in Resources */,
				40F30B251A1C67070031EF5A /* ShareViewController.xib in Resources */,
				40DD42241A22EC6900897E5B /* qqkongjian.png in Resources */,
				40D8F5C71A1AE282005844B5 /* more_circlefriends@2x.png in Resources */,
				40D8F5C51A1AE217005844B5 /* more_icon_collection1@2x.png in Resources */,
				40DD42211A22EB9D00897E5B /* txweibo.png in Resources */,
				40DBB7581A245EF500C1D368 /* line@2x.png in Resources */,
				40F30B201A1C664F0031EF5A /* more_icon_collection2@2x.png in Resources */,
				40DD421E1A22EB9D00897E5B /* flashlight.png in Resources */,
				40E4D4451A1D94DC0012256F /* MoreMyFavorites@2x.png in Resources */,
				40DBB74F1A245D9600C1D368 /* zbar-help.html in Resources */,
				40DD42221A22EB9D00897E5B /* xlweibo.png in Resources */,
				40E4D4441A1D94DC0012256F /* Action_MyFavAdd@2x.png in Resources */,
				40E4D4601A1DCAEF0012256F /* Action_Moments@2x.png in Resources */,
				4070F5681A1B168300AE8CD7 /* more_icon_link@2x.png in Resources */,
				40E4D45F1A1DCAEF0012256F /* Action_Share@2x.png in Resources */,
				40E4D4471A1DA0B10012256F /* QzoneShare.png in Resources */,
				40DBB72E1A245D8900C1D368 /* CameraView.xib in Resources */,
				40D8F5C41A1AE217005844B5 /* more_weixin@2x.png in Resources */,
				40E4D4431A1D94DC0012256F /* Action_Copy@2x.png in Resources */,
			);
			runOnlyForDeploymentPostprocessing = 0;
		};
		04C05DF61A159DC80090B701 /* Resources */ = {
			isa = PBXResourcesBuildPhase;
			buildActionMask = 2147483647;
			files = (
				04C05E051A159DC80090B701 /* InfoPlist.strings in Resources */,
			);
			runOnlyForDeploymentPostprocessing = 0;
		};
/* End PBXResourcesBuildPhase section */

/* Begin PBXSourcesBuildPhase section */
		04C05DD41A159DC70090B701 /* Sources */ = {
			isa = PBXSourcesBuildPhase;
			buildActionMask = 2147483647;
			files = (
				40D8F5B11A1AD308005844B5 /* MainView.m in Sources */,
				40DD424B1A23360800897E5B /* MyProgressView.m in Sources */,
				4070F5741A1B19B300AE8CD7 /* JDStatusBarNotification.m in Sources */,
				40DD423B1A23130700897E5B /* GoViewController.m in Sources */,
				40DD42371A23130700897E5B /* CollectionsViewController.m in Sources */,
				40DD42271A2312ED00897E5B /* VerticallyAlignedLabel.m in Sources */,
				40DD42361A23130700897E5B /* Collection.m in Sources */,
				40D8F5E21A1AFAAA005844B5 /* WbApi.m in Sources */,
				40DD424F1A23361A00897E5B /* EditViewController.m in Sources */,
				40F30B241A1C67070031EF5A /* ShareViewController.m in Sources */,
				04C05DEE1A159DC70090B701 /* AppDelegate.m in Sources */,
				40DD42391A23130700897E5B /* CustomCell.m in Sources */,
				40DBB72C1A245D8600C1D368 /* CameraView.m in Sources */,
				4070F5761A1B19B300AE8CD7 /* JDStatusBarView.m in Sources */,
				4070F5751A1B19B300AE8CD7 /* JDStatusBarStyle.m in Sources */,
				40DD42161A22E90600897E5B /* Reachability.m in Sources */,
				40F30B1A1A1C38C40031EF5A /* SqlServer.m in Sources */,
				40F30B371A1C818E0031EF5A /* BaseAnimation.m in Sources */,
				04C05DEA1A159DC70090B701 /* main.m in Sources */,
				40DD42481A232C1400897E5B /* ReminderView.m in Sources */,
				40F30B381A1C818E0031EF5A /* SlideAnimation.m in Sources */,
				40D8F5BC1A1ADE88005844B5 /* ShareSheet.m in Sources */,
				40D5473F1A1EF44300816731 /* UIImage+Redraw.m in Sources */,
			);
			runOnlyForDeploymentPostprocessing = 0;
		};
		04C05DF41A159DC80090B701 /* Sources */ = {
			isa = PBXSourcesBuildPhase;
			buildActionMask = 2147483647;
			files = (
				04C05E071A159DC80090B701 /* YiQiWebTests.m in Sources */,
			);
			runOnlyForDeploymentPostprocessing = 0;
		};
/* End PBXSourcesBuildPhase section */

/* Begin PBXTargetDependency section */
		04C05DFF1A159DC80090B701 /* PBXTargetDependency */ = {
			isa = PBXTargetDependency;
			target = 04C05DD71A159DC70090B701 /* YiQiWeb */;
			targetProxy = 04C05DFE1A159DC80090B701 /* PBXContainerItemProxy */;
		};
/* End PBXTargetDependency section */

/* Begin PBXVariantGroup section */
		04C05DE61A159DC70090B701 /* InfoPlist.strings */ = {
			isa = PBXVariantGroup;
			children = (
				04C05DE71A159DC70090B701 /* en */,
			);
			name = InfoPlist.strings;
			sourceTree = "<group>";
		};
		04C05E031A159DC80090B701 /* InfoPlist.strings */ = {
			isa = PBXVariantGroup;
			children = (
				04C05E041A159DC80090B701 /* en */,
			);
			name = InfoPlist.strings;
			sourceTree = "<group>";
		};
		406C241D1A1C27F9006FA6B5 /* InfoPlist.strings */ = {
			isa = PBXVariantGroup;
			children = (
				406C241E1A1C27F9006FA6B5 /* en */,
			);
			name = InfoPlist.strings;
			sourceTree = "<group>";
		};
/* End PBXVariantGroup section */

/* Begin XCBuildConfiguration section */
		04C05E081A159DC80090B701 /* Debug */ = {
			isa = XCBuildConfiguration;
			buildSettings = {
				ALWAYS_SEARCH_USER_PATHS = NO;
				CLANG_CXX_LANGUAGE_STANDARD = "gnu++0x";
				CLANG_CXX_LIBRARY = "libc++";
				CLANG_ENABLE_MODULES = YES;
				CLANG_ENABLE_OBJC_ARC = YES;
				CLANG_WARN_BOOL_CONVERSION = YES;
				CLANG_WARN_CONSTANT_CONVERSION = YES;
				CLANG_WARN_DIRECT_OBJC_ISA_USAGE = YES_ERROR;
				CLANG_WARN_EMPTY_BODY = YES;
				CLANG_WARN_ENUM_CONVERSION = YES;
				CLANG_WARN_INT_CONVERSION = YES;
				CLANG_WARN_OBJC_ROOT_CLASS = YES_ERROR;
				CLANG_WARN__DUPLICATE_METHOD_MATCH = YES;
				"CODE_SIGN_IDENTITY[sdk=iphoneos*]" = "iPhone Developer";
				COPY_PHASE_STRIP = NO;
				GCC_C_LANGUAGE_STANDARD = gnu99;
				GCC_DYNAMIC_NO_PIC = NO;
				GCC_OPTIMIZATION_LEVEL = 0;
				GCC_PREPROCESSOR_DEFINITIONS = (
					"DEBUG=1",
					"$(inherited)",
				);
				GCC_SYMBOLS_PRIVATE_EXTERN = NO;
				GCC_WARN_64_TO_32_BIT_CONVERSION = YES;
				GCC_WARN_ABOUT_RETURN_TYPE = YES_ERROR;
				GCC_WARN_UNDECLARED_SELECTOR = YES;
				GCC_WARN_UNINITIALIZED_AUTOS = YES_AGGRESSIVE;
				GCC_WARN_UNUSED_FUNCTION = YES;
				GCC_WARN_UNUSED_VARIABLE = YES;
				IPHONEOS_DEPLOYMENT_TARGET = 7.1;
				ONLY_ACTIVE_ARCH = NO;
				SDKROOT = iphoneos;
				VALID_ARCHS = "armv7 armv7s i386";
			};
			name = Debug;
		};
		04C05E091A159DC80090B701 /* Release */ = {
			isa = XCBuildConfiguration;
			buildSettings = {
				ALWAYS_SEARCH_USER_PATHS = NO;
				CLANG_CXX_LANGUAGE_STANDARD = "gnu++0x";
				CLANG_CXX_LIBRARY = "libc++";
				CLANG_ENABLE_MODULES = YES;
				CLANG_ENABLE_OBJC_ARC = YES;
				CLANG_WARN_BOOL_CONVERSION = YES;
				CLANG_WARN_CONSTANT_CONVERSION = YES;
				CLANG_WARN_DIRECT_OBJC_ISA_USAGE = YES_ERROR;
				CLANG_WARN_EMPTY_BODY = YES;
				CLANG_WARN_ENUM_CONVERSION = YES;
				CLANG_WARN_INT_CONVERSION = YES;
				CLANG_WARN_OBJC_ROOT_CLASS = YES_ERROR;
				CLANG_WARN__DUPLICATE_METHOD_MATCH = YES;
				"CODE_SIGN_IDENTITY[sdk=iphoneos*]" = "iPhone Developer";
				COPY_PHASE_STRIP = YES;
				ENABLE_NS_ASSERTIONS = NO;
				GCC_C_LANGUAGE_STANDARD = gnu99;
				GCC_WARN_64_TO_32_BIT_CONVERSION = YES;
				GCC_WARN_ABOUT_RETURN_TYPE = YES_ERROR;
				GCC_WARN_UNDECLARED_SELECTOR = YES;
				GCC_WARN_UNINITIALIZED_AUTOS = YES_AGGRESSIVE;
				GCC_WARN_UNUSED_FUNCTION = YES;
				GCC_WARN_UNUSED_VARIABLE = YES;
				IPHONEOS_DEPLOYMENT_TARGET = 7.1;
				ONLY_ACTIVE_ARCH = NO;
				SDKROOT = iphoneos;
				VALIDATE_PRODUCT = YES;
				VALID_ARCHS = "armv7 armv7s i386";
			};
			name = Release;
		};
		04C05E0B1A159DC80090B701 /* Debug */ = {
			isa = XCBuildConfiguration;
			buildSettings = {
				ASSETCATALOG_COMPILER_APPICON_NAME = AppIcon;
				ASSETCATALOG_COMPILER_LAUNCHIMAGE_NAME = LaunchImage;
				FRAMEWORK_SEARCH_PATHS = (
					"$(inherited)",
					/Users/BK/Desktop/Connect_IOS_SDK_V2.2,
					"$(PROJECT_DIR)",
				);
				GCC_PRECOMPILE_PREFIX_HEADER = YES;
				GCC_PREFIX_HEADER = "YiQiWeb/YiQiWeb-Prefix.pch";
				INFOPLIST_FILE = "YiQiWeb/YiQiWeb-Info.plist";
				IPHONEOS_DEPLOYMENT_TARGET = 7.0;
				LIBRARY_SEARCH_PATHS = (
					"$(inherited)",
					"$(PROJECT_DIR)/YiQiWeb/libWeiboSDK",
					"$(PROJECT_DIR)/YiQiWeb/TCWeiboSDK",
					"$(PROJECT_DIR)/YiQiWeb/ZBarSDK",
					"$(PROJECT_DIR)/YiQiWeb/WeChatSDK_1-2.5",
				);
				ONLY_ACTIVE_ARCH = NO;
				OTHER_LDFLAGS = "-objC";
				PRODUCT_NAME = "$(TARGET_NAME)";
				VALID_ARCHS = "armv7 armv7s i386";
				WRAPPER_EXTENSION = app;
			};
			name = Debug;
		};
		04C05E0C1A159DC80090B701 /* Release */ = {
			isa = XCBuildConfiguration;
			buildSettings = {
				ASSETCATALOG_COMPILER_APPICON_NAME = AppIcon;
				ASSETCATALOG_COMPILER_LAUNCHIMAGE_NAME = LaunchImage;
				FRAMEWORK_SEARCH_PATHS = (
					"$(inherited)",
					/Users/BK/Desktop/Connect_IOS_SDK_V2.2,
					"$(PROJECT_DIR)",
				);
				GCC_PRECOMPILE_PREFIX_HEADER = YES;
				GCC_PREFIX_HEADER = "YiQiWeb/YiQiWeb-Prefix.pch";
				INFOPLIST_FILE = "YiQiWeb/YiQiWeb-Info.plist";
				IPHONEOS_DEPLOYMENT_TARGET = 7.0;
				LIBRARY_SEARCH_PATHS = (
					"$(inherited)",
					"$(PROJECT_DIR)/YiQiWeb/libWeiboSDK",
					"$(PROJECT_DIR)/YiQiWeb/TCWeiboSDK",
					"$(PROJECT_DIR)/YiQiWeb/ZBarSDK",
					"$(PROJECT_DIR)/YiQiWeb/WeChatSDK_1-2.5",
				);
				ONLY_ACTIVE_ARCH = NO;
				OTHER_LDFLAGS = "-objC";
				PRODUCT_NAME = "$(TARGET_NAME)";
				VALID_ARCHS = "armv7 armv7s i386";
				WRAPPER_EXTENSION = app;
			};
			name = Release;
		};
		04C05E0E1A159DC80090B701 /* Debug */ = {
			isa = XCBuildConfiguration;
			buildSettings = {
				BUNDLE_LOADER = "$(BUILT_PRODUCTS_DIR)/YiQiWeb.app/YiQiWeb";
				FRAMEWORK_SEARCH_PATHS = (
					"$(SDKROOT)/Developer/Library/Frameworks",
					"$(inherited)",
					"$(DEVELOPER_FRAMEWORKS_DIR)",
				);
				GCC_PRECOMPILE_PREFIX_HEADER = YES;
				GCC_PREFIX_HEADER = "YiQiWeb/YiQiWeb-Prefix.pch";
				GCC_PREPROCESSOR_DEFINITIONS = (
					"DEBUG=1",
					"$(inherited)",
				);
				INFOPLIST_FILE = "YiQiWebTests/YiQiWebTests-Info.plist";
				PRODUCT_NAME = "$(TARGET_NAME)";
				TEST_HOST = "$(BUNDLE_LOADER)";
				WRAPPER_EXTENSION = xctest;
			};
			name = Debug;
		};
		04C05E0F1A159DC80090B701 /* Release */ = {
			isa = XCBuildConfiguration;
			buildSettings = {
				BUNDLE_LOADER = "$(BUILT_PRODUCTS_DIR)/YiQiWeb.app/YiQiWeb";
				FRAMEWORK_SEARCH_PATHS = (
					"$(SDKROOT)/Developer/Library/Frameworks",
					"$(inherited)",
					"$(DEVELOPER_FRAMEWORKS_DIR)",
				);
				GCC_PRECOMPILE_PREFIX_HEADER = YES;
				GCC_PREFIX_HEADER = "YiQiWeb/YiQiWeb-Prefix.pch";
				INFOPLIST_FILE = "YiQiWebTests/YiQiWebTests-Info.plist";
				PRODUCT_NAME = "$(TARGET_NAME)";
				TEST_HOST = "$(BUNDLE_LOADER)";
				WRAPPER_EXTENSION = xctest;
			};
			name = Release;
		};
/* End XCBuildConfiguration section */

/* Begin XCConfigurationList section */
		04C05DD31A159DC70090B701 /* Build configuration list for PBXProject "YiQiWeb" */ = {
			isa = XCConfigurationList;
			buildConfigurations = (
				04C05E081A159DC80090B701 /* Debug */,
				04C05E091A159DC80090B701 /* Release */,
			);
			defaultConfigurationIsVisible = 0;
			defaultConfigurationName = Release;
		};
		04C05E0A1A159DC80090B701 /* Build configuration list for PBXNativeTarget "YiQiWeb" */ = {
			isa = XCConfigurationList;
			buildConfigurations = (
				04C05E0B1A159DC80090B701 /* Debug */,
				04C05E0C1A159DC80090B701 /* Release */,
			);
			defaultConfigurationIsVisible = 0;
			defaultConfigurationName = Release;
		};
		04C05E0D1A159DC80090B701 /* Build configuration list for PBXNativeTarget "YiQiWebTests" */ = {
			isa = XCConfigurationList;
			buildConfigurations = (
				04C05E0E1A159DC80090B701 /* Debug */,
				04C05E0F1A159DC80090B701 /* Release */,
			);
			defaultConfigurationIsVisible = 0;
			defaultConfigurationName = Release;
		};
/* End XCConfigurationList section */

/* Begin XCVersionGroup section */
		406C243F1A1C27F9006FA6B5 /* YiQiWeb.xcdatamodeld */ = {
			isa = XCVersionGroup;
			children = (
				406C24401A1C27F9006FA6B5 /* YiQiWeb.xcdatamodel */,
			);
			currentVersion = 406C24401A1C27F9006FA6B5 /* YiQiWeb.xcdatamodel */;
			path = YiQiWeb.xcdatamodeld;
			sourceTree = "<group>";
			versionGroupType = wrapper.xcdatamodel;
		};
/* End XCVersionGroup section */
	};
	rootObject = 04C05DD01A159DC70090B701 /* Project object */;
}
